{
  "version": 4,
  "terraform_version": "1.5.7",
  "serial": 157,
  "lineage": "ec4dcd86-718a-2965-abc4-4825c767d280",
  "outputs": {
    "git-repo-name": {
      "value": "algorims-dev-ci",
      "type": "string"
    },
    "git-repo-name-eks": {
      "value": "algorims-dev-cd",
      "type": "string"
    },
    "git-repo-url-arn": {
      "value": "arn:aws:codecommit:ap-southeast-2:561580620525:algorims-dev-ci",
      "type": "string"
    },
    "git-repo-url-arn-eks": {
      "value": "arn:aws:codecommit:ap-southeast-2:561580620525:algorims-dev-cd",
      "type": "string"
    },
    "git-repo-url-https": {
      "value": "https://git-codecommit.ap-southeast-2.amazonaws.com/v1/repos/algorims-dev-ci",
      "type": "string"
    },
    "git-repo-url-https-eks": {
      "value": "https://git-codecommit.ap-southeast-2.amazonaws.com/v1/repos/algorims-dev-cd",
      "type": "string"
    },
    "git-repo-url-ssh": {
      "value": "ssh://git-codecommit.ap-southeast-2.amazonaws.com/v1/repos/algorims-dev-ci",
      "type": "string"
    },
    "git-repo-url-ssh-eks": {
      "value": "ssh://git-codecommit.ap-southeast-2.amazonaws.com/v1/repos/algorims-dev-cd",
      "type": "string"
    },
    "k8s-service-name": {
      "value": "k8s-ingressn-nginxing-69f9023ccb-6e78e0931e50ad24.elb.ap-southeast-2.amazonaws.com",
      "type": "string"
    }
  },
  "resources": [
    {
      "mode": "data",
      "type": "archive_file",
      "name": "python_lambda_package",
      "provider": "provider[\"registry.terraform.io/hashicorp/archive\"]",
      "instances": [
        {
          "schema_version": 0,
          "attributes": {
            "exclude_symlink_directories": null,
            "excludes": null,
            "id": "ee99e34e17b690d3f7da380815076c089e24a7e6",
            "output_base64sha256": "KGwlpxKZFG/rOFgv7+gDtBvEX6dBltsxG2/83nOlacM=",
            "output_base64sha512": "5YSowbAi1NjLvcS+kmTKAM+6rdu01KdkPY7vohsAQ8hCIfYVu9KA4by0bBcgn60QMaHSCZwLCf55srOb96yoHg==",
            "output_file_mode": null,
            "output_md5": "63ff6ed3a46373aed25f6a8e3676378c",
            "output_path": "trigger.zip",
            "output_sha": "ee99e34e17b690d3f7da380815076c089e24a7e6",
            "output_sha256": "286c25a71299146feb38582fefe803b41bc45fa74196db311b6ffcde73a569c3",
            "output_sha512": "e584a8c1b022d4d8cbbdc4be9264ca00cfbaaddbb4d4a7643d8eefa21b0043c84221f615bbd280e1bcb46c17209fad1031a1d2099c0b09fe79b2b39bf7aca81e",
            "output_size": 368,
            "source": [],
            "source_content": null,
            "source_content_filename": null,
            "source_dir": null,
            "source_file": "./code/lambda_function.py",
            "type": "zip"
          },
          "sensitive_attributes": []
        }
      ]
    },
    {
      "mode": "data",
      "type": "aws_caller_identity",
      "name": "current",
      "provider": "provider[\"registry.terraform.io/hashicorp/aws\"]",
      "instances": [
        {
          "schema_version": 0,
          "attributes": {
            "account_id": "561580620525",
            "arn": "arn:aws:iam::561580620525:user/prasai",
            "id": "561580620525",
            "user_id": "AIDAYFQGQHLW6MHIEAOMD"
          },
          "sensitive_attributes": []
        }
      ]
    },
    {
      "mode": "data",
      "type": "aws_eks_cluster",
      "name": "default",
      "provider": "provider[\"registry.terraform.io/hashicorp/aws\"]",
      "instances": [
        {
          "schema_version": 0,
          "attributes": {
            "access_config": [
              {
                "authentication_mode": "CONFIG_MAP"
              }
            ],
            "arn": "arn:aws:eks:ap-southeast-2:561580620525:cluster/algorims-eks-cluster",
            "certificate_authority": [
              {
                "data": "LS0tLS1CRUdJTiBDRVJUSUZJQ0FURS0tLS0tCk1JSUMvakNDQWVhZ0F3SUJBZ0lCQURBTkJna3Foa2lHOXcwQkFRc0ZBREFWTVJNd0VRWURWUVFERXdwcmRXSmwKY201bGRHVnpNQjRYRFRJME1ETXlNekF5TXpRd09Gb1hEVE0wTURNeU1UQXlNelF3T0Zvd0ZURVRNQkVHQTFVRQpBeE1LYTNWaVpYSnVaWFJsY3pDQ0FTSXdEUVlKS29aSWh2Y05BUUVCQlFBRGdnRVBBRENDQVFvQ2dnRUJBS0hVCkY2OWU4OTBoWU9JYmhTVjBCVVFoTmxRbnZiZUt2cUtSSU55T0ZJbGhkSXI1NlptTWJSWHU5ZjR5dnQ1MWhuMkgKMDJXSmJhMjBsRGlDMmFML3U2bjVRcGF4SzdTUEt1NFRSQ1diTEVhcVJRN1NDTEVDVTZqeWd2VkNCWmxQVTBSRQpXRExIN2xtZWxrVDRWVTRHVUFaZ1FaTC9qbTg2cHBkZXg0bjFLNDlBMkxoU1d5blRodG1xVi8rS3V2Wll1ZEZICml1TlpTVkxqc0FXVlk4OHRxU200REJScFd2YUh1ZEdDZFBabm5GcHQ5ZWZQUWxDNUsvY2pkQjZKZnhKd0dNeVcKbjFsWFVJNkF5dXg2dVRLNXdKekVyUkx3YkRzNCt3YmRDWCtTaVgxZXZJdFdubUVxR013WW5OSmhYa2F0RTNoWQo5UFAydnJFcjgzSnBpY1ZwYVJzQ0F3RUFBYU5aTUZjd0RnWURWUjBQQVFIL0JBUURBZ0trTUE4R0ExVWRFd0VCCi93UUZNQU1CQWY4d0hRWURWUjBPQkJZRUZDUnNKOXFVUDhUc1o1WXZ2WlRINUJERzR0RGhNQlVHQTFVZEVRUU8KTUF5Q0NtdDFZbVZ5Ym1WMFpYTXdEUVlKS29aSWh2Y05BUUVMQlFBRGdnRUJBRG12L2piQVR2Q29kVWFWT2o5MgpWTkErVFRnalRPZllzeTZob3ZvZU9lMnZ0YTRHSTVYeHI5NXFhSWFMSkcxaVF3d2pRKzBrZmUyQkpDanNNVjgrCkFJampYVTVBbXRGcVZPdFUzeGtiaUpsV3R5aXpycTFaa3IxODBzRkdaQmlvaHZpdy9uKytUSnBkdnRMZk91amUKU3VpWDNUK1owaDdXYUFrdkpxdkEreS8zQnArS3pNVTRjZmxJbjdIOGJxMUQxS0V3amtqa3JZVDJQQkIrUytWWgp0cXJZR1VJR0lWSkdTZmd6ZVBpT0pEbklZQzNHNHNXVnE1R1IwaGFBcENHcTREajFjd0w2SzRpTVVQNjM0QmQrCnFPZzdvcFFmTXRjVml5b3k2eE9PTWIzNnlFSDZtRE1GNmg2M0RDREJ1VEMvaWVDUHVaOGc4TFR1cno2QTdNeDIKSDlrPQotLS0tLUVORCBDRVJUSUZJQ0FURS0tLS0tCg=="
              }
            ],
            "cluster_id": null,
            "created_at": "2024-03-23 02:29:49.721 +0000 UTC",
            "enabled_cluster_log_types": [
              "api",
              "audit",
              "authenticator",
              "controllerManager",
              "scheduler"
            ],
            "endpoint": "https://74FB2C39A1D7183907187B597750F180.gr7.ap-southeast-2.eks.amazonaws.com",
            "id": "algorims-eks-cluster",
            "identity": [
              {
                "oidc": [
                  {
                    "issuer": "https://oidc.eks.ap-southeast-2.amazonaws.com/id/74FB2C39A1D7183907187B597750F180"
                  }
                ]
              }
            ],
            "kubernetes_network_config": [
              {
                "ip_family": "ipv4",
                "service_ipv4_cidr": "10.100.0.0/16",
                "service_ipv6_cidr": ""
              }
            ],
            "name": "algorims-eks-cluster",
            "outpost_config": [],
            "platform_version": "eks.19",
            "role_arn": "arn:aws:iam::561580620525:role/algorims-eks-master-role",
            "status": "ACTIVE",
            "tags": {
              "env": "dev",
              "ownedBy": "algorims",
              "terraform": "true"
            },
            "version": "1.24",
            "vpc_config": [
              {
                "cluster_security_group_id": "sg-0222be8e67f8a249e",
                "endpoint_private_access": false,
                "endpoint_public_access": true,
                "public_access_cidrs": [
                  "0.0.0.0/0"
                ],
                "security_group_ids": [
                  "sg-0d4f45ab278c817ff"
                ],
                "subnet_ids": [
                  "subnet-03264cab6eaf114ba",
                  "subnet-0bcf27f0649574363",
                  "subnet-0d53faddab34e396e"
                ],
                "vpc_id": "vpc-07a5f894250e10e99"
              }
            ]
          },
          "sensitive_attributes": []
        }
      ]
    },
    {
      "mode": "data",
      "type": "aws_eks_cluster_auth",
      "name": "default",
      "provider": "provider[\"registry.terraform.io/hashicorp/aws\"]",
      "instances": [
        {
          "schema_version": 0,
          "attributes": {
            "id": "algorims-eks-cluster",
            "name": "algorims-eks-cluster",
            "token": "k8s-aws-v1.aHR0cHM6Ly9zdHMuYXAtc291dGhlYXN0LTIuYW1hem9uYXdzLmNvbS8_QWN0aW9uPUdldENhbGxlcklkZW50aXR5JlZlcnNpb249MjAxMS0wNi0xNSZYLUFtei1BbGdvcml0aG09QVdTNC1ITUFDLVNIQTI1NiZYLUFtei1DcmVkZW50aWFsPUFLSUFZRlFHUUhMV1NPQzRMUkpTJTJGMjAyNDAzMjMlMkZhcC1zb3V0aGVhc3QtMiUyRnN0cyUyRmF3czRfcmVxdWVzdCZYLUFtei1EYXRlPTIwMjQwMzIzVDAyNTgwMFomWC1BbXotRXhwaXJlcz0wJlgtQW16LVNpZ25lZEhlYWRlcnM9aG9zdCUzQngtazhzLWF3cy1pZCZYLUFtei1TaWduYXR1cmU9ZDNjZWI5YzI2YWU0Y2Q5MDY1ZTBiMGRjYzQ3MjcxYTA2MWJjMTQ1N2FiYjNlMTczOGU2ZWU5MjYwZTI3NDU4Mw"
          },
          "sensitive_attributes": []
        }
      ]
    },
    {
      "mode": "data",
      "type": "aws_lb",
      "name": "ingress-nginx",
      "provider": "provider[\"registry.terraform.io/hashicorp/aws\"]",
      "instances": [
        {
          "schema_version": 0,
          "attributes": {
            "access_logs": [
              {
                "bucket": "",
                "enabled": false,
                "prefix": ""
              }
            ],
            "arn": "arn:aws:elasticloadbalancing:ap-southeast-2:561580620525:loadbalancer/net/k8s-ingressn-nginxing-69f9023ccb/6e78e0931e50ad24",
            "arn_suffix": "net/k8s-ingressn-nginxing-69f9023ccb/6e78e0931e50ad24",
            "connection_logs": [
              {
                "bucket": null,
                "enabled": null,
                "prefix": null
              }
            ],
            "customer_owned_ipv4_pool": "",
            "desync_mitigation_mode": null,
            "dns_name": "k8s-ingressn-nginxing-69f9023ccb-6e78e0931e50ad24.elb.ap-southeast-2.amazonaws.com",
            "dns_record_client_routing_policy": "any_availability_zone",
            "drop_invalid_header_fields": null,
            "enable_cross_zone_load_balancing": false,
            "enable_deletion_protection": false,
            "enable_http2": null,
            "enable_tls_version_and_cipher_suite_headers": null,
            "enable_waf_fail_open": null,
            "enable_xff_client_port": null,
            "enforce_security_group_inbound_rules_on_private_link_traffic": "",
            "id": "arn:aws:elasticloadbalancing:ap-southeast-2:561580620525:loadbalancer/net/k8s-ingressn-nginxing-69f9023ccb/6e78e0931e50ad24",
            "idle_timeout": null,
            "internal": false,
            "ip_address_type": "ipv4",
            "load_balancer_type": "network",
            "name": "k8s-ingressn-nginxing-69f9023ccb",
            "preserve_host_header": null,
            "security_groups": [
              "sg-08cb348e3900d0f88",
              "sg-0bcb8fbe61268dd4c"
            ],
            "subnet_mapping": [
              {
                "allocation_id": "",
                "ipv6_address": "",
                "outpost_id": "",
                "private_ipv4_address": "",
                "subnet_id": "subnet-03264cab6eaf114ba"
              },
              {
                "allocation_id": "",
                "ipv6_address": "",
                "outpost_id": "",
                "private_ipv4_address": "",
                "subnet_id": "subnet-0bcf27f0649574363"
              },
              {
                "allocation_id": "",
                "ipv6_address": "",
                "outpost_id": "",
                "private_ipv4_address": "",
                "subnet_id": "subnet-0d53faddab34e396e"
              }
            ],
            "subnets": [
              "subnet-03264cab6eaf114ba",
              "subnet-0bcf27f0649574363",
              "subnet-0d53faddab34e396e"
            ],
            "tags": {
              "elbv2.k8s.aws/cluster": "algorims-eks-cluster",
              "service.k8s.aws/resource": "LoadBalancer",
              "service.k8s.aws/stack": "ingress-nginx/nginx-ingress-controller"
            },
            "timeouts": null,
            "vpc_id": "vpc-07a5f894250e10e99",
            "xff_header_processing_mode": null,
            "zone_id": "ZCT6FZBF4DROD"
          },
          "sensitive_attributes": []
        }
      ]
    },
    {
      "mode": "data",
      "type": "aws_region",
      "name": "current",
      "provider": "provider[\"registry.terraform.io/hashicorp/aws\"]",
      "instances": [
        {
          "schema_version": 0,
          "attributes": {
            "description": "Asia Pacific (Sydney)",
            "endpoint": "ec2.ap-southeast-2.amazonaws.com",
            "id": "ap-southeast-2",
            "name": "ap-southeast-2"
          },
          "sensitive_attributes": []
        }
      ]
    },
    {
      "mode": "data",
      "type": "aws_route53_zone",
      "name": "algorims-zone-id",
      "provider": "provider[\"registry.terraform.io/hashicorp/aws\"]",
      "instances": [
        {
          "schema_version": 0,
          "attributes": {
            "arn": "arn:aws:route53:::hostedzone/Z0093091AVETS604PFZJ",
            "caller_reference": "RISWorkflow-RD:8786048f-4eb2-4114-adbd-44f688ba6abb",
            "comment": "HostedZone created by Route53 Registrar",
            "id": "Z0093091AVETS604PFZJ",
            "linked_service_description": null,
            "linked_service_principal": null,
            "name": "algorims.net",
            "name_servers": [
              "ns-712.awsdns-25.net",
              "ns-1342.awsdns-39.org",
              "ns-260.awsdns-32.com",
              "ns-1759.awsdns-27.co.uk"
            ],
            "primary_name_server": "ns-712.awsdns-25.net",
            "private_zone": false,
            "resource_record_set_count": 4,
            "tags": {},
            "vpc_id": null,
            "zone_id": "Z0093091AVETS604PFZJ"
          },
          "sensitive_attributes": []
        }
      ]
    },
    {
      "mode": "data",
      "type": "kubernetes_service",
      "name": "ingress-nginx",
      "provider": "provider[\"registry.terraform.io/hashicorp/kubernetes\"]",
      "instances": [
        {
          "schema_version": 0,
          "attributes": {
            "id": "ingress-nginx/nginx-ingress-controller",
            "metadata": [
              {
                "annotations": {
                  "meta.helm.sh/release-name": "nginx-ingress-controller",
                  "meta.helm.sh/release-namespace": "ingress-nginx",
                  "service.beta.kubernetes.io/aws-load-balancer-name": "ingresscontrolersvc",
                  "service.beta.kubernetes.io/aws-load-balancer-nlb-target-type": "ip",
                  "service.beta.kubernetes.io/aws-load-balancer-scheme": "internet-facing",
                  "service.beta.kubernetes.io/aws-load-balancer-type": "external"
                },
                "generation": 0,
                "labels": {
                  "app.kubernetes.io/component": "controller",
                  "app.kubernetes.io/instance": "nginx-ingress-controller",
                  "app.kubernetes.io/managed-by": "Helm",
                  "app.kubernetes.io/name": "nginx-ingress-controller",
                  "app.kubernetes.io/version": "1.10.0",
                  "helm.sh/chart": "nginx-ingress-controller-11.0.0"
                },
                "name": "nginx-ingress-controller",
                "namespace": "ingress-nginx",
                "resource_version": "1402",
                "uid": "3ce9d8a6-6e4d-4a12-9bed-8724c17680ce"
              }
            ],
            "spec": [
              {
                "allocate_load_balancer_node_ports": true,
                "cluster_ip": "10.100.97.129",
                "cluster_ips": [
                  "10.100.97.129"
                ],
                "external_ips": [],
                "external_name": "",
                "external_traffic_policy": "Cluster",
                "health_check_node_port": 0,
                "internal_traffic_policy": "Cluster",
                "ip_families": [
                  "IPv4"
                ],
                "ip_family_policy": "SingleStack",
                "load_balancer_class": "service.k8s.aws/nlb",
                "load_balancer_ip": "",
                "load_balancer_source_ranges": [],
                "port": [
                  {
                    "app_protocol": "",
                    "name": "http",
                    "node_port": 32505,
                    "port": 80,
                    "protocol": "TCP",
                    "target_port": "http"
                  },
                  {
                    "app_protocol": "",
                    "name": "https",
                    "node_port": 30645,
                    "port": 443,
                    "protocol": "TCP",
                    "target_port": "https"
                  }
                ],
                "publish_not_ready_addresses": false,
                "selector": {
                  "app.kubernetes.io/component": "controller",
                  "app.kubernetes.io/instance": "nginx-ingress-controller",
                  "app.kubernetes.io/name": "nginx-ingress-controller"
                },
                "session_affinity": "None",
                "session_affinity_config": [],
                "type": "LoadBalancer"
              }
            ],
            "status": [
              {
                "load_balancer": [
                  {
                    "ingress": [
                      {
                        "hostname": "k8s-ingressn-nginxing-69f9023ccb-6e78e0931e50ad24.elb.ap-southeast-2.amazonaws.com",
                        "ip": ""
                      }
                    ]
                  }
                ]
              }
            ]
          },
          "sensitive_attributes": []
        }
      ]
    },
    {
      "mode": "data",
      "type": "tls_certificate",
      "name": "cert",
      "provider": "provider[\"registry.terraform.io/hashicorp/tls\"]",
      "instances": [
        {
          "schema_version": 0,
          "attributes": {
            "certificates": [
              {
                "cert_pem": "-----BEGIN CERTIFICATE-----\nMIIEdTCCA12gAwIBAgIJAKcOSkw0grd/MA0GCSqGSIb3DQEBCwUAMGgxCzAJBgNV\nBAYTAlVTMSUwIwYDVQQKExxTdGFyZmllbGQgVGVjaG5vbG9naWVzLCBJbmMuMTIw\nMAYDVQQLEylTdGFyZmllbGQgQ2xhc3MgMiBDZXJ0aWZpY2F0aW9uIEF1dGhvcml0\neTAeFw0wOTA5MDIwMDAwMDBaFw0zNDA2MjgxNzM5MTZaMIGYMQswCQYDVQQGEwJV\nUzEQMA4GA1UECBMHQXJpem9uYTETMBEGA1UEBxMKU2NvdHRzZGFsZTElMCMGA1UE\nChMcU3RhcmZpZWxkIFRlY2hub2xvZ2llcywgSW5jLjE7MDkGA1UEAxMyU3RhcmZp\nZWxkIFNlcnZpY2VzIFJvb3QgQ2VydGlmaWNhdGUgQXV0aG9yaXR5IC0gRzIwggEi\nMA0GCSqGSIb3DQEBAQUAA4IBDwAwggEKAoIBAQDVDDrEKvlO4vW+GZdfjohTsR8/\ny8+fIBNtKTrID30892t2OGPZNmCom15cAICyL1l/9of5JUOG52kbUpqQ4XHj2C0N\nTm/2yEnZtvMaVq4rtnQU68/7JuMauh2WLmo7WJSJR1b/JaCTcFOD2oR0FMNnngRo\nOt+OQFodSk7PQ5E751bWAHDLUu57fa4657wx+UX2wmDPE1kCK4DMNEffud6QZW0C\nzyyRpqbn3oUYSXxmTqM6bam17jQuug0DuDPfR+uxa40l2ZvOgdFFRjKWcIfeAg5J\nQ4W2bHO7ZOphQazJ1FTfhy/HIrImzJ9ZVGif/L4qL8RVHHVAYBeFAlU5i38FAgMB\nAAGjgfAwge0wDwYDVR0TAQH/BAUwAwEB/zAOBgNVHQ8BAf8EBAMCAYYwHQYDVR0O\nBBYEFJxfAN+qAdcwKziIorhtSpzyEZGDMB8GA1UdIwQYMBaAFL9ft9HO3R+G9FtV\nrNzXEMIOqYjnME8GCCsGAQUFBwEBBEMwQTAcBggrBgEFBQcwAYYQaHR0cDovL28u\nc3MyLnVzLzAhBggrBgEFBQcwAoYVaHR0cDovL3guc3MyLnVzL3guY2VyMCYGA1Ud\nHwQfMB0wG6AZoBeGFWh0dHA6Ly9zLnNzMi51cy9yLmNybDARBgNVHSAECjAIMAYG\nBFUdIAAwDQYJKoZIhvcNAQELBQADggEBACMd44pXyn3pF3lM8R5V/cxTbj5HD9/G\nVfKyBDbtgB9TxF00KGu+x1X8Z+rLP3+QsjPNG1gQggL4+C/1E2DUBc7xgQjB3ad1\nl08YuW3e95ORCLp+QCztweq7dp4zBncdDQh/U90bZKuCJ/Fp1U1ervShw3WnWEQt\n8jxwmKy6abaVd38PMV4s/KCHOkdp8Hlf9BRUpJVeEXgSYCfOn8J3/yNTd126/+pZ\n59vPr5KW7ySaNRB6nJHGDn2Z9j8Z3/VyVOEVqQdZe4O/Ui5GjLIAZHYcSNPYeehu\nVsyuLAOQ1xk4meTKCRlb/weWsKh/NEnfVqn3sF/tM+2MR7cwA130A4w=\n-----END CERTIFICATE-----\n",
                "is_ca": true,
                "issuer": "OU=Starfield Class 2 Certification Authority,O=Starfield Technologies\\, Inc.,C=US",
                "not_after": "2034-06-28T17:39:16Z",
                "not_before": "2009-09-02T00:00:00Z",
                "public_key_algorithm": "RSA",
                "serial_number": "12037640545166866303",
                "sha1_fingerprint": "9e99a48a9960b14926bb7f3b02e22da2b0ab7280",
                "signature_algorithm": "SHA256-RSA",
                "subject": "CN=Starfield Services Root Certificate Authority - G2,O=Starfield Technologies\\, Inc.,L=Scottsdale,ST=Arizona,C=US",
                "version": 3
              },
              {
                "cert_pem": "-----BEGIN CERTIFICATE-----\nMIIEkjCCA3qgAwIBAgITBn+USionzfP6wq4rAfkI7rnExjANBgkqhkiG9w0BAQsF\nADCBmDELMAkGA1UEBhMCVVMxEDAOBgNVBAgTB0FyaXpvbmExEzARBgNVBAcTClNj\nb3R0c2RhbGUxJTAjBgNVBAoTHFN0YXJmaWVsZCBUZWNobm9sb2dpZXMsIEluYy4x\nOzA5BgNVBAMTMlN0YXJmaWVsZCBTZXJ2aWNlcyBSb290IENlcnRpZmljYXRlIEF1\ndGhvcml0eSAtIEcyMB4XDTE1MDUyNTEyMDAwMFoXDTM3MTIzMTAxMDAwMFowOTEL\nMAkGA1UEBhMCVVMxDzANBgNVBAoTBkFtYXpvbjEZMBcGA1UEAxMQQW1hem9uIFJv\nb3QgQ0EgMTCCASIwDQYJKoZIhvcNAQEBBQADggEPADCCAQoCggEBALJ4gHHKeNXj\nca9HgFB0fW7Y14h29Jlo91ghYPl0hAEvrAIthtOgQ3pOsqTQNroBvo3bSMgHFzZM\n9O6II8c+6zf1tRn4SWiw3te5djgdYZ6k/oI2peVKVuRF4fn9tBb6dNqcmzU5L/qw\nIFAGbHrQgLKm+a/sRxmPUDgH3KKHOVj4utWp+UhnMJbulHheb4mjUcAwhmahRWa6\nVOujw5H5SNz/0egwLX0tdHA114gk957EWW67c4cX8jJGKLhD+rcdqsq08p8kDi1L\n93FcXmn/6pUCyziKrlA4b9v7LWIbxcceVOF34GfID5yHI9Y/QCB/IIDEgEw+OyQm\njgSubJrIqg0CAwEAAaOCATEwggEtMA8GA1UdEwEB/wQFMAMBAf8wDgYDVR0PAQH/\nBAQDAgGGMB0GA1UdDgQWBBSEGMyFNOy8DJSULghZnMeyEE4KCDAfBgNVHSMEGDAW\ngBScXwDfqgHXMCs4iKK4bUqc8hGRgzB4BggrBgEFBQcBAQRsMGowLgYIKwYBBQUH\nMAGGImh0dHA6Ly9vY3NwLnJvb3RnMi5hbWF6b250cnVzdC5jb20wOAYIKwYBBQUH\nMAKGLGh0dHA6Ly9jcnQucm9vdGcyLmFtYXpvbnRydXN0LmNvbS9yb290ZzIuY2Vy\nMD0GA1UdHwQ2MDQwMqAwoC6GLGh0dHA6Ly9jcmwucm9vdGcyLmFtYXpvbnRydXN0\nLmNvbS9yb290ZzIuY3JsMBEGA1UdIAQKMAgwBgYEVR0gADANBgkqhkiG9w0BAQsF\nAAOCAQEAYjdCXLwQtT6LLOkMm2xF4gcAevnFWAu5CIw+7bMlPLVvUOTNNWqnkzSW\nMiGpSESrnO09tKpzbeR/FoCJbM8oAxiDR3mjEH4wW6w7sGDgd9QIpuEdfF7Au/ma\neyKdpwAJfqxGF4PcnCZXmTA5YpaP7dreqsXMGz7KQ2hsVxa81Q4gLv7/wmpdLqBK\nbRRYh5TmOTFffHPLkIhqhBGWJ6bt2YFGpn6jcgAKUj6DiAdjd4lpFw85hdKrCEVN\n0FE6/V1dN2RMfjCyVSRCnTawXZwXgWHxyvkQAiSr6w10kY17RSlQOYiypok1JR4U\nakcjMS9cmvqtmg5iUaQqqcT5NJ0hGA==\n-----END CERTIFICATE-----\n",
                "is_ca": true,
                "issuer": "CN=Starfield Services Root Certificate Authority - G2,O=Starfield Technologies\\, Inc.,L=Scottsdale,ST=Arizona,C=US",
                "not_after": "2037-12-31T01:00:00Z",
                "not_before": "2015-05-25T12:00:00Z",
                "public_key_algorithm": "RSA",
                "serial_number": "144918191876577076464031512351042010504348870",
                "sha1_fingerprint": "06b25927c42a721631c1efd9431e648fa62e1e39",
                "signature_algorithm": "SHA256-RSA",
                "subject": "CN=Amazon Root CA 1,O=Amazon,C=US",
                "version": 3
              },
              {
                "cert_pem": "-----BEGIN CERTIFICATE-----\nMIIEXjCCA0agAwIBAgITB3MSSkvL1E7HtTvq8ZSELToPoTANBgkqhkiG9w0BAQsF\nADA5MQswCQYDVQQGEwJVUzEPMA0GA1UEChMGQW1hem9uMRkwFwYDVQQDExBBbWF6\nb24gUm9vdCBDQSAxMB4XDTIyMDgyMzIyMjUzMFoXDTMwMDgyMzIyMjUzMFowPDEL\nMAkGA1UEBhMCVVMxDzANBgNVBAoTBkFtYXpvbjEcMBoGA1UEAxMTQW1hem9uIFJT\nQSAyMDQ4IE0wMjCCASIwDQYJKoZIhvcNAQEBBQADggEPADCCAQoCggEBALtDGMZa\nqHneKei1by6+pUPPLljTB143Si6VpEWPc6mSkFhZb/6qrkZyoHlQLbDYnI2D7hD0\nsdzEqfnuAjIsuXQLG3A8TvX6V3oFNBFVe8NlLJHvBseKY88saLwufxkZVwk74g4n\nWlNMXzla9Y5F3wwRHwMVH443xGz6UtGSZSqQ94eFx5X7Tlqt8whi8qCaKdZ5rNak\n+r9nUThOeClqFd4oXych//Rc7Y0eX1KNWHYSI1Nk31mYgiK3JvH063g+K9tHA63Z\neTgKgndlh+WI+zv7i44HepRZjA1FYwYZ9Vv/9UkC5Yz8/yU65fgjaE+wVHM4e/Yy\nC2osrPWE7gJ+dXMCAwEAAaOCAVowggFWMBIGA1UdEwEB/wQIMAYBAf8CAQAwDgYD\nVR0PAQH/BAQDAgGGMB0GA1UdJQQWMBQGCCsGAQUFBwMBBggrBgEFBQcDAjAdBgNV\nHQ4EFgQUwDFSzVpQw4J8dHHOy+mc+XrrguIwHwYDVR0jBBgwFoAUhBjMhTTsvAyU\nlC4IWZzHshBOCggwewYIKwYBBQUHAQEEbzBtMC8GCCsGAQUFBzABhiNodHRwOi8v\nb2NzcC5yb290Y2ExLmFtYXpvbnRydXN0LmNvbTA6BggrBgEFBQcwAoYuaHR0cDov\nL2NydC5yb290Y2ExLmFtYXpvbnRydXN0LmNvbS9yb290Y2ExLmNlcjA/BgNVHR8E\nODA2MDSgMqAwhi5odHRwOi8vY3JsLnJvb3RjYTEuYW1hem9udHJ1c3QuY29tL3Jv\nb3RjYTEuY3JsMBMGA1UdIAQMMAowCAYGZ4EMAQIBMA0GCSqGSIb3DQEBCwUAA4IB\nAQAtTi6Fs0Azfi+iwm7jrz+CSxHH+uHl7Law3MQSXVtR8RV53PtR6r/6gNpqlzdo\nZq4FKbADi1v9Bun8RY8D51uedRfjsbeodizeBB8nXmeyD33Ep7VATj4ozcd31YFV\nfgRhvTSxNrrTlNpWkUk0m3BMPv8sg381HhA6uEYokE5q9uws/3YkKqRiEz3TsaWm\nJqIRZhMbgAfp7O7FUwFIb7UIspogZSKxPIWJpxiPo3TcBambbVtQOcNRWz5qCQdD\nslI2yayq0n2TXoHyNCLEH8rpsJRVILFsg0jc7BaFrMnF462+ajSehgj12IidNeRN\n4zl+EoNaWdpnWndvSpAEkq2P\n-----END CERTIFICATE-----\n",
                "is_ca": true,
                "issuer": "CN=Amazon Root CA 1,O=Amazon,C=US",
                "not_after": "2030-08-23T22:25:30Z",
                "not_before": "2022-08-23T22:25:30Z",
                "public_key_algorithm": "RSA",
                "serial_number": "166129353110899469622597955040406457904926625",
                "sha1_fingerprint": "414a2060b738c635cc7fc243e052615592830c53",
                "signature_algorithm": "SHA256-RSA",
                "subject": "CN=Amazon RSA 2048 M02,O=Amazon,C=US",
                "version": 3
              },
              {
                "cert_pem": "-----BEGIN CERTIFICATE-----\nMIIF9TCCBN2gAwIBAgIQCMNK7AGgPMwJ7b5038DvyjANBgkqhkiG9w0BAQsFADA8\nMQswCQYDVQQGEwJVUzEPMA0GA1UEChMGQW1hem9uMRwwGgYDVQQDExNBbWF6b24g\nUlNBIDIwNDggTTAyMB4XDTI0MDMxNDAwMDAwMFoXDTI1MDQxMjIzNTk1OVowMDEu\nMCwGA1UEAxMlb2lkYy5la3MuYXAtc291dGhlYXN0LTIuYW1hem9uYXdzLmNvbTCC\nASIwDQYJKoZIhvcNAQEBBQADggEPADCCAQoCggEBAOb++c7f8DjPBKdefr2J/zeK\ne5cZ8NydeeNIHDXVHFOBvYETna+YZYOtbqCpzuleHyMWqWHu9hq1sPf9YxBTAp2g\nbv3OwE+aEf2Kez1VEwZy294LdE4DHYjjqrBrla72aVgDPrGcEiC9b5KKjMzCQbiP\n64NIKh9tisiYy7zHigp8RF8CyqOmNDqFoZh3E7R7O9ZdvyTbh5oHUwjF5zxF/tes\nhvPix6CaDRJSOK5vQUk6R7xsoDWQtTs9ARIXkFkdgHVGU4fLUJl7m8rU2jJonpTv\naf4zJ6ZDCuPf3q+PNBOsCu0AT9fb3RSImusurALEFAyhUxbnwi1wp1xVWVS2SAkC\nAwEAAaOCAv0wggL5MB8GA1UdIwQYMBaAFMAxUs1aUMOCfHRxzsvpnPl664LiMB0G\nA1UdDgQWBBSPiVdTJrrCXtnN5JbT7DBcI1udvDAwBgNVHREEKTAngiVvaWRjLmVr\ncy5hcC1zb3V0aGVhc3QtMi5hbWF6b25hd3MuY29tMBMGA1UdIAQMMAowCAYGZ4EM\nAQIBMA4GA1UdDwEB/wQEAwIFoDAdBgNVHSUEFjAUBggrBgEFBQcDAQYIKwYBBQUH\nAwIwOwYDVR0fBDQwMjAwoC6gLIYqaHR0cDovL2NybC5yMm0wMi5hbWF6b250cnVz\ndC5jb20vcjJtMDIuY3JsMHUGCCsGAQUFBwEBBGkwZzAtBggrBgEFBQcwAYYhaHR0\ncDovL29jc3AucjJtMDIuYW1hem9udHJ1c3QuY29tMDYGCCsGAQUFBzAChipodHRw\nOi8vY3J0LnIybTAyLmFtYXpvbnRydXN0LmNvbS9yMm0wMi5jZXIwDAYDVR0TAQH/\nBAIwADCCAX0GCisGAQQB1nkCBAIEggFtBIIBaQFnAHYATnWjJ1yaEMM4W2zU3z9S\n6x3w4I4bjWnAsfpksWKaOd8AAAGOOkoWRwAABAMARzBFAiAWRGEEDcKyTIcnuO82\nF+lWLa9gMPu38kC+hA5dCmB/UgIhAMrQTqlSZtRwsOrEOqx+voDSXkf/s0FQ0FdL\nv4tPow2EAHUA5tIxY0B3jMEQQQbXcbnOwdJA9paEhvu6hzId/R43jlAAAAGOOkoW\nOAAABAMARjBEAiB3oDGe+K5o84z6ueznaxfaZhJ6QgWnY3RJrVBcLI8RzQIgA5yI\n2IB86EhBmo/uCKZ+3hiSMIlpzbJFd/xP1cBsa+EAdgCi4wrkRe+9rZt+OO1HZ3dT\n14JbhJTXK14bLMS5UKRH5wAAAY46ShbrAAAEAwBHMEUCIHvUcArecqaNYp0k41mR\ngu4WD8Jw8aN9EIJCd+/Hup+nAiEA6siy6T4VhNUBCWofV6fJkl+nZoJZwHz0zLAY\ndXjwqHIwDQYJKoZIhvcNAQELBQADggEBAHwZTZaTbj4pNREWTAqO59N8MlTyBoZQ\n9tnIT8tN7hrMwmpPM7SsaFTH+OoujYQS6ltBAV9qw2m1hXslk1vlVzJsRbmmei1B\nRS80+T4Ez0Dg2CwstuI7QiVidQGXOrrJqycAS8Z3WQ4ezUECuSnpOeldhBGWhHdi\nostr+qPjC6Z9YNfoJpYsHZmGlNhnb+Pu/SF613WiayXXl4YKJj2l/qOCQwPeGjB/\nxFu3jUk6/ohlDzQ7nrPTbxmfXQxsR+4pHbjf3tnqWwvQEGq/SHPaGMnZmhktMHX7\n0A1BdxrR3q9TicSDqZNdajFNvHHSpc3CfzGmcwhacOI5NQdMmbXtimo=\n-----END CERTIFICATE-----\n",
                "is_ca": false,
                "issuer": "CN=Amazon RSA 2048 M02,O=Amazon,C=US",
                "not_after": "2025-04-12T23:59:59Z",
                "not_before": "2024-03-14T00:00:00Z",
                "public_key_algorithm": "RSA",
                "serial_number": "11647841450353842207588833716548464586",
                "sha1_fingerprint": "7c94fe7c6da380cec4678d30bfe78b8d90839f5b",
                "signature_algorithm": "SHA256-RSA",
                "subject": "CN=oidc.eks.ap-southeast-2.amazonaws.com",
                "version": 3
              }
            ],
            "content": null,
            "id": "38249b6669ae9f0a8d28e6582aa2e3fe7e2899da",
            "url": "https://oidc.eks.ap-southeast-2.amazonaws.com/id/74FB2C39A1D7183907187B597750F180",
            "verify_chain": true
          },
          "sensitive_attributes": []
        }
      ]
    },
    {
      "mode": "managed",
      "type": "aws_codebuild_project",
      "name": "algorims-ci-codebuild",
      "provider": "provider[\"registry.terraform.io/hashicorp/aws\"]",
      "instances": [
        {
          "schema_version": 0,
          "attributes": {
            "arn": "arn:aws:codebuild:ap-southeast-2:561580620525:project/algorims-ci-codebuild-project",
            "artifacts": [
              {
                "artifact_identifier": "",
                "bucket_owner_access": "",
                "encryption_disabled": false,
                "location": "algorims-codebuild-hello-world20240323022942372500000001",
                "name": "algorims-ci-codebuild-project",
                "namespace_type": "NONE",
                "override_artifact_name": false,
                "packaging": "NONE",
                "path": "",
                "type": "S3"
              }
            ],
            "badge_enabled": false,
            "badge_url": "",
            "build_batch_config": [],
            "build_timeout": 5,
            "cache": [
              {
                "location": "algorims-codebuild-hello-world20240323022942372500000001",
                "modes": null,
                "type": "S3"
              }
            ],
            "concurrent_build_limit": 0,
            "description": "dev java app build project",
            "encryption_key": "arn:aws:kms:ap-southeast-2:561580620525:alias/aws/s3",
            "environment": [
              {
                "certificate": "",
                "compute_type": "BUILD_GENERAL1_SMALL",
                "environment_variable": [
                  {
                    "name": "AWS_ACCOUNT_ID",
                    "type": "PLAINTEXT",
                    "value": "561580620525"
                  }
                ],
                "image": "aws/codebuild/amazonlinux2-x86_64-standard:3.0",
                "image_pull_credentials_type": "CODEBUILD",
                "privileged_mode": true,
                "registry_credential": [],
                "type": "LINUX_CONTAINER"
              }
            ],
            "file_system_locations": [],
            "id": "arn:aws:codebuild:ap-southeast-2:561580620525:project/algorims-ci-codebuild-project",
            "logs_config": [
              {
                "cloudwatch_logs": [
                  {
                    "group_name": "log-group",
                    "status": "ENABLED",
                    "stream_name": "log-stream"
                  }
                ],
                "s3_logs": [
                  {
                    "bucket_owner_access": "",
                    "encryption_disabled": false,
                    "location": "algorims-codebuild-hello-world20240323022942372500000001/build-log",
                    "status": "ENABLED"
                  }
                ]
              }
            ],
            "name": "algorims-ci-codebuild-project",
            "project_visibility": "PRIVATE",
            "public_project_alias": "",
            "queued_timeout": 480,
            "resource_access_role": "",
            "secondary_artifacts": [],
            "secondary_source_version": [],
            "secondary_sources": [],
            "service_role": "arn:aws:iam::561580620525:role/algorims-ci-codebuild-iamrole",
            "source": [
              {
                "build_status_config": [],
                "buildspec": "",
                "git_clone_depth": 1,
                "git_submodules_config": [
                  {
                    "fetch_submodules": true
                  }
                ],
                "insecure_ssl": false,
                "location": "https://git-codecommit.ap-southeast-2.amazonaws.com/v1/repos/algorims-dev-ci",
                "report_build_status": false,
                "type": "CODECOMMIT"
              }
            ],
            "source_version": "main",
            "tags": null,
            "tags_all": {},
            "vpc_config": []
          },
          "sensitive_attributes": [],
          "private": "bnVsbA==",
          "dependencies": [
            "aws_ecr_repository.algorims-ci-container-repo",
            "aws_iam_role.algorims-ci-codebuild-iam-role",
            "aws_iam_role.algorims-ci-lambdarole",
            "aws_lambda_function.algorims-lamda-codecommit",
            "aws_s3_bucket.algorims-ci-s3-bucket",
            "data.archive_file.python_lambda_package",
            "data.aws_caller_identity.current",
            "module.aws-code-commit-cd-repo.aws_codecommit_repository.repo",
            "module.aws-code-commit-cd-repo.aws_codecommit_trigger.triggers",
            "module.aws-code-commit-ci-repo.aws_codecommit_repository.repo",
            "module.aws-code-commit-ci-repo.aws_codecommit_trigger.triggers"
          ]
        }
      ]
    },
    {
      "mode": "managed",
      "type": "aws_default_subnet",
      "name": "default-subnet-a",
      "provider": "provider[\"registry.terraform.io/hashicorp/aws\"]",
      "instances": [
        {
          "schema_version": 1,
          "attributes": {
            "arn": "arn:aws:ec2:ap-southeast-2:561580620525:subnet/subnet-0d53faddab34e396e",
            "assign_ipv6_address_on_creation": false,
            "availability_zone": "ap-southeast-2a",
            "availability_zone_id": "apse2-az3",
            "cidr_block": "172.31.32.0/20",
            "customer_owned_ipv4_pool": "",
            "enable_dns64": false,
            "enable_lni_at_device_index": 0,
            "enable_resource_name_dns_a_record_on_launch": false,
            "enable_resource_name_dns_aaaa_record_on_launch": false,
            "existing_default_subnet": true,
            "force_destroy": false,
            "id": "subnet-0d53faddab34e396e",
            "ipv6_cidr_block": "",
            "ipv6_cidr_block_association_id": "",
            "ipv6_native": false,
            "map_customer_owned_ip_on_launch": false,
            "map_public_ip_on_launch": true,
            "outpost_arn": "",
            "owner_id": "561580620525",
            "private_dns_hostname_type_on_launch": "ip-name",
            "tags": {
              "kubernetes.io/cluster/algorims-eks-cluster": "owned",
              "kubernetes.io/role/elb": "1"
            },
            "tags_all": {
              "kubernetes.io/cluster/algorims-eks-cluster": "owned",
              "kubernetes.io/role/elb": "1"
            },
            "timeouts": null,
            "vpc_id": "vpc-07a5f894250e10e99"
          },
          "sensitive_attributes": [],
          "private": "eyJlMmJmYjczMC1lY2FhLTExZTYtOGY4OC0zNDM2M2JjN2M0YzAiOnsiY3JlYXRlIjo2MDAwMDAwMDAwMDAsImRlbGV0ZSI6MTIwMDAwMDAwMDAwMH0sInNjaGVtYV92ZXJzaW9uIjoiMSJ9"
        }
      ]
    },
    {
      "mode": "managed",
      "type": "aws_default_subnet",
      "name": "default-subnet-b",
      "provider": "provider[\"registry.terraform.io/hashicorp/aws\"]",
      "instances": [
        {
          "schema_version": 1,
          "attributes": {
            "arn": "arn:aws:ec2:ap-southeast-2:561580620525:subnet/subnet-03264cab6eaf114ba",
            "assign_ipv6_address_on_creation": false,
            "availability_zone": "ap-southeast-2b",
            "availability_zone_id": "apse2-az1",
            "cidr_block": "172.31.0.0/20",
            "customer_owned_ipv4_pool": "",
            "enable_dns64": false,
            "enable_lni_at_device_index": 0,
            "enable_resource_name_dns_a_record_on_launch": false,
            "enable_resource_name_dns_aaaa_record_on_launch": false,
            "existing_default_subnet": true,
            "force_destroy": false,
            "id": "subnet-03264cab6eaf114ba",
            "ipv6_cidr_block": "",
            "ipv6_cidr_block_association_id": "",
            "ipv6_native": false,
            "map_customer_owned_ip_on_launch": false,
            "map_public_ip_on_launch": true,
            "outpost_arn": "",
            "owner_id": "561580620525",
            "private_dns_hostname_type_on_launch": "ip-name",
            "tags": {
              "kubernetes.io/cluster/algorims-eks-cluster": "owned",
              "kubernetes.io/role/elb": "1"
            },
            "tags_all": {
              "kubernetes.io/cluster/algorims-eks-cluster": "owned",
              "kubernetes.io/role/elb": "1"
            },
            "timeouts": null,
            "vpc_id": "vpc-07a5f894250e10e99"
          },
          "sensitive_attributes": [],
          "private": "eyJlMmJmYjczMC1lY2FhLTExZTYtOGY4OC0zNDM2M2JjN2M0YzAiOnsiY3JlYXRlIjo2MDAwMDAwMDAwMDAsImRlbGV0ZSI6MTIwMDAwMDAwMDAwMH0sInNjaGVtYV92ZXJzaW9uIjoiMSJ9"
        }
      ]
    },
    {
      "mode": "managed",
      "type": "aws_default_subnet",
      "name": "default-subnet-c",
      "provider": "provider[\"registry.terraform.io/hashicorp/aws\"]",
      "instances": [
        {
          "schema_version": 1,
          "attributes": {
            "arn": "arn:aws:ec2:ap-southeast-2:561580620525:subnet/subnet-0bcf27f0649574363",
            "assign_ipv6_address_on_creation": false,
            "availability_zone": "ap-southeast-2c",
            "availability_zone_id": "apse2-az2",
            "cidr_block": "172.31.16.0/20",
            "customer_owned_ipv4_pool": "",
            "enable_dns64": false,
            "enable_lni_at_device_index": 0,
            "enable_resource_name_dns_a_record_on_launch": false,
            "enable_resource_name_dns_aaaa_record_on_launch": false,
            "existing_default_subnet": true,
            "force_destroy": false,
            "id": "subnet-0bcf27f0649574363",
            "ipv6_cidr_block": "",
            "ipv6_cidr_block_association_id": "",
            "ipv6_native": false,
            "map_customer_owned_ip_on_launch": false,
            "map_public_ip_on_launch": true,
            "outpost_arn": "",
            "owner_id": "561580620525",
            "private_dns_hostname_type_on_launch": "ip-name",
            "tags": {
              "kubernetes.io/cluster/algorims-eks-cluster": "owned",
              "kubernetes.io/role/elb": "1"
            },
            "tags_all": {
              "kubernetes.io/cluster/algorims-eks-cluster": "owned",
              "kubernetes.io/role/elb": "1"
            },
            "timeouts": null,
            "vpc_id": "vpc-07a5f894250e10e99"
          },
          "sensitive_attributes": [],
          "private": "eyJlMmJmYjczMC1lY2FhLTExZTYtOGY4OC0zNDM2M2JjN2M0YzAiOnsiY3JlYXRlIjo2MDAwMDAwMDAwMDAsImRlbGV0ZSI6MTIwMDAwMDAwMDAwMH0sInNjaGVtYV92ZXJzaW9uIjoiMSJ9"
        }
      ]
    },
    {
      "mode": "managed",
      "type": "aws_default_vpc",
      "name": "default-vpc",
      "provider": "provider[\"registry.terraform.io/hashicorp/aws\"]",
      "instances": [
        {
          "schema_version": 1,
          "attributes": {
            "arn": "arn:aws:ec2:ap-southeast-2:561580620525:vpc/vpc-07a5f894250e10e99",
            "assign_generated_ipv6_cidr_block": false,
            "cidr_block": "172.31.0.0/16",
            "default_network_acl_id": "acl-0a230e533617a6532",
            "default_route_table_id": "rtb-05edda52f9f7c5f6a",
            "default_security_group_id": "sg-0c1000fbb67b3d9d0",
            "dhcp_options_id": "dopt-0408b7c30ffef0199",
            "enable_dns_hostnames": true,
            "enable_dns_support": true,
            "enable_network_address_usage_metrics": false,
            "existing_default_vpc": true,
            "force_destroy": false,
            "id": "vpc-07a5f894250e10e99",
            "instance_tenancy": "default",
            "ipv6_association_id": "",
            "ipv6_cidr_block": "",
            "ipv6_cidr_block_network_border_group": "",
            "ipv6_ipam_pool_id": "",
            "ipv6_netmask_length": 0,
            "main_route_table_id": "rtb-05edda52f9f7c5f6a",
            "owner_id": "561580620525",
            "tags": {},
            "tags_all": {}
          },
          "sensitive_attributes": [],
          "private": "eyJzY2hlbWFfdmVyc2lvbiI6IjEifQ=="
        }
      ]
    },
    {
      "mode": "managed",
      "type": "aws_ecr_repository",
      "name": "algorims-ci-container-repo",
      "provider": "provider[\"registry.terraform.io/hashicorp/aws\"]",
      "instances": [
        {
          "schema_version": 0,
          "attributes": {
            "arn": "arn:aws:ecr:ap-southeast-2:561580620525:repository/algorims-container-repo",
            "encryption_configuration": [
              {
                "encryption_type": "AES256",
                "kms_key": ""
              }
            ],
            "force_delete": true,
            "id": "algorims-container-repo",
            "image_scanning_configuration": [
              {
                "scan_on_push": true
              }
            ],
            "image_tag_mutability": "MUTABLE",
            "name": "algorims-container-repo",
            "registry_id": "561580620525",
            "repository_url": "561580620525.dkr.ecr.ap-southeast-2.amazonaws.com/algorims-container-repo",
            "tags": {},
            "tags_all": {},
            "timeouts": null
          },
          "sensitive_attributes": [],
          "private": "eyJlMmJmYjczMC1lY2FhLTExZTYtOGY4OC0zNDM2M2JjN2M0YzAiOnsiZGVsZXRlIjoxMjAwMDAwMDAwMDAwfX0="
        }
      ]
    },
    {
      "mode": "managed",
      "type": "aws_eks_cluster",
      "name": "algorims-dev-eks-cluster",
      "provider": "provider[\"registry.terraform.io/hashicorp/aws\"]",
      "instances": [
        {
          "schema_version": 0,
          "attributes": {
            "access_config": [
              {
                "authentication_mode": "CONFIG_MAP",
                "bootstrap_cluster_creator_admin_permissions": false
              }
            ],
            "arn": "arn:aws:eks:ap-southeast-2:561580620525:cluster/algorims-eks-cluster",
            "certificate_authority": [
              {
                "data": "LS0tLS1CRUdJTiBDRVJUSUZJQ0FURS0tLS0tCk1JSUMvakNDQWVhZ0F3SUJBZ0lCQURBTkJna3Foa2lHOXcwQkFRc0ZBREFWTVJNd0VRWURWUVFERXdwcmRXSmwKY201bGRHVnpNQjRYRFRJME1ETXlNekF5TXpRd09Gb1hEVE0wTURNeU1UQXlNelF3T0Zvd0ZURVRNQkVHQTFVRQpBeE1LYTNWaVpYSnVaWFJsY3pDQ0FTSXdEUVlKS29aSWh2Y05BUUVCQlFBRGdnRVBBRENDQVFvQ2dnRUJBS0hVCkY2OWU4OTBoWU9JYmhTVjBCVVFoTmxRbnZiZUt2cUtSSU55T0ZJbGhkSXI1NlptTWJSWHU5ZjR5dnQ1MWhuMkgKMDJXSmJhMjBsRGlDMmFML3U2bjVRcGF4SzdTUEt1NFRSQ1diTEVhcVJRN1NDTEVDVTZqeWd2VkNCWmxQVTBSRQpXRExIN2xtZWxrVDRWVTRHVUFaZ1FaTC9qbTg2cHBkZXg0bjFLNDlBMkxoU1d5blRodG1xVi8rS3V2Wll1ZEZICml1TlpTVkxqc0FXVlk4OHRxU200REJScFd2YUh1ZEdDZFBabm5GcHQ5ZWZQUWxDNUsvY2pkQjZKZnhKd0dNeVcKbjFsWFVJNkF5dXg2dVRLNXdKekVyUkx3YkRzNCt3YmRDWCtTaVgxZXZJdFdubUVxR013WW5OSmhYa2F0RTNoWQo5UFAydnJFcjgzSnBpY1ZwYVJzQ0F3RUFBYU5aTUZjd0RnWURWUjBQQVFIL0JBUURBZ0trTUE4R0ExVWRFd0VCCi93UUZNQU1CQWY4d0hRWURWUjBPQkJZRUZDUnNKOXFVUDhUc1o1WXZ2WlRINUJERzR0RGhNQlVHQTFVZEVRUU8KTUF5Q0NtdDFZbVZ5Ym1WMFpYTXdEUVlKS29aSWh2Y05BUUVMQlFBRGdnRUJBRG12L2piQVR2Q29kVWFWT2o5MgpWTkErVFRnalRPZllzeTZob3ZvZU9lMnZ0YTRHSTVYeHI5NXFhSWFMSkcxaVF3d2pRKzBrZmUyQkpDanNNVjgrCkFJampYVTVBbXRGcVZPdFUzeGtiaUpsV3R5aXpycTFaa3IxODBzRkdaQmlvaHZpdy9uKytUSnBkdnRMZk91amUKU3VpWDNUK1owaDdXYUFrdkpxdkEreS8zQnArS3pNVTRjZmxJbjdIOGJxMUQxS0V3amtqa3JZVDJQQkIrUytWWgp0cXJZR1VJR0lWSkdTZmd6ZVBpT0pEbklZQzNHNHNXVnE1R1IwaGFBcENHcTREajFjd0w2SzRpTVVQNjM0QmQrCnFPZzdvcFFmTXRjVml5b3k2eE9PTWIzNnlFSDZtRE1GNmg2M0RDREJ1VEMvaWVDUHVaOGc4TFR1cno2QTdNeDIKSDlrPQotLS0tLUVORCBDRVJUSUZJQ0FURS0tLS0tCg=="
              }
            ],
            "cluster_id": null,
            "created_at": "2024-03-23 02:29:49.721 +0000 UTC",
            "enabled_cluster_log_types": [
              "api",
              "audit",
              "authenticator",
              "controllerManager",
              "scheduler"
            ],
            "encryption_config": [],
            "endpoint": "https://74FB2C39A1D7183907187B597750F180.gr7.ap-southeast-2.eks.amazonaws.com",
            "id": "algorims-eks-cluster",
            "identity": [
              {
                "oidc": [
                  {
                    "issuer": "https://oidc.eks.ap-southeast-2.amazonaws.com/id/74FB2C39A1D7183907187B597750F180"
                  }
                ]
              }
            ],
            "kubernetes_network_config": [
              {
                "ip_family": "ipv4",
                "service_ipv4_cidr": "10.100.0.0/16",
                "service_ipv6_cidr": ""
              }
            ],
            "name": "algorims-eks-cluster",
            "outpost_config": [],
            "platform_version": "eks.19",
            "role_arn": "arn:aws:iam::561580620525:role/algorims-eks-master-role",
            "status": "ACTIVE",
            "tags": {
              "env": "dev",
              "ownedBy": "algorims",
              "terraform": "true"
            },
            "tags_all": {
              "env": "dev",
              "ownedBy": "algorims",
              "terraform": "true"
            },
            "timeouts": null,
            "version": "1.24",
            "vpc_config": [
              {
                "cluster_security_group_id": "sg-0222be8e67f8a249e",
                "endpoint_private_access": false,
                "endpoint_public_access": true,
                "public_access_cidrs": [
                  "0.0.0.0/0"
                ],
                "security_group_ids": [
                  "sg-0d4f45ab278c817ff"
                ],
                "subnet_ids": [
                  "subnet-03264cab6eaf114ba",
                  "subnet-0bcf27f0649574363",
                  "subnet-0d53faddab34e396e"
                ],
                "vpc_id": "vpc-07a5f894250e10e99"
              }
            ]
          },
          "sensitive_attributes": [],
          "private": "eyJlMmJmYjczMC1lY2FhLTExZTYtOGY4OC0zNDM2M2JjN2M0YzAiOnsiY3JlYXRlIjoxODAwMDAwMDAwMDAwLCJkZWxldGUiOjkwMDAwMDAwMDAwMCwidXBkYXRlIjozNjAwMDAwMDAwMDAwfX0=",
          "dependencies": [
            "aws_default_subnet.default-subnet-a",
            "aws_default_subnet.default-subnet-b",
            "aws_default_subnet.default-subnet-c",
            "aws_iam_role.algorims-dev-eks-role",
            "aws_security_group.algorims-dev-sg-master"
          ]
        }
      ]
    },
    {
      "mode": "managed",
      "type": "aws_eks_node_group",
      "name": "algorims-dev-node-group",
      "provider": "provider[\"registry.terraform.io/hashicorp/aws\"]",
      "instances": [
        {
          "schema_version": 0,
          "attributes": {
            "ami_type": "AL2_x86_64",
            "arn": "arn:aws:eks:ap-southeast-2:561580620525:nodegroup/algorims-eks-cluster/terraform-20240323023725694300000009/42c73495-c6d3-b9c6-fdd8-0e63b09a568c",
            "capacity_type": "ON_DEMAND",
            "cluster_name": "algorims-eks-cluster",
            "disk_size": 20,
            "force_update_version": null,
            "id": "algorims-eks-cluster:terraform-20240323023725694300000009",
            "instance_types": [
              "t3.medium"
            ],
            "labels": {},
            "launch_template": [],
            "node_group_name": "terraform-20240323023725694300000009",
            "node_group_name_prefix": "terraform-",
            "node_role_arn": "arn:aws:iam::561580620525:role/algorims-eks-node-role",
            "release_version": "1.24.17-20240315",
            "remote_access": [],
            "resources": [
              {
                "autoscaling_groups": [
                  {
                    "name": "eks-terraform-20240323023725694300000009-42c73495-c6d3-b9c6-fdd8-0e63b09a568c"
                  }
                ],
                "remote_access_security_group_id": ""
              }
            ],
            "scaling_config": [
              {
                "desired_size": 2,
                "max_size": 2,
                "min_size": 2
              }
            ],
            "status": "ACTIVE",
            "subnet_ids": [
              "subnet-03264cab6eaf114ba",
              "subnet-0bcf27f0649574363",
              "subnet-0d53faddab34e396e"
            ],
            "tags": {},
            "tags_all": {},
            "taint": [],
            "timeouts": null,
            "update_config": [
              {
                "max_unavailable": 1,
                "max_unavailable_percentage": 0
              }
            ],
            "version": "1.24"
          },
          "sensitive_attributes": [],
          "private": "eyJlMmJmYjczMC1lY2FhLTExZTYtOGY4OC0zNDM2M2JjN2M0YzAiOnsiY3JlYXRlIjozNjAwMDAwMDAwMDAwLCJkZWxldGUiOjM2MDAwMDAwMDAwMDAsInVwZGF0ZSI6MzYwMDAwMDAwMDAwMH19",
          "dependencies": [
            "aws_default_subnet.default-subnet-a",
            "aws_default_subnet.default-subnet-b",
            "aws_default_subnet.default-subnet-c",
            "aws_eks_cluster.algorims-dev-eks-cluster",
            "aws_iam_role.algorims-dev-eks-node-role",
            "aws_iam_role.algorims-dev-eks-role",
            "aws_security_group.algorims-dev-sg-master"
          ]
        }
      ]
    },
    {
      "mode": "managed",
      "type": "aws_iam_openid_connect_provider",
      "name": "openid",
      "provider": "provider[\"registry.terraform.io/hashicorp/aws\"]",
      "instances": [
        {
          "schema_version": 0,
          "attributes": {
            "arn": "arn:aws:iam::561580620525:oidc-provider/oidc.eks.ap-southeast-2.amazonaws.com/id/74FB2C39A1D7183907187B597750F180",
            "client_id_list": [
              "sts.amazonaws.com"
            ],
            "id": "arn:aws:iam::561580620525:oidc-provider/oidc.eks.ap-southeast-2.amazonaws.com/id/74FB2C39A1D7183907187B597750F180",
            "tags": {},
            "tags_all": {},
            "thumbprint_list": [
              "9e99a48a9960b14926bb7f3b02e22da2b0ab7280"
            ],
            "url": "oidc.eks.ap-southeast-2.amazonaws.com/id/74FB2C39A1D7183907187B597750F180"
          },
          "sensitive_attributes": [],
          "private": "bnVsbA==",
          "dependencies": [
            "aws_default_subnet.default-subnet-a",
            "aws_default_subnet.default-subnet-b",
            "aws_default_subnet.default-subnet-c",
            "aws_eks_cluster.algorims-dev-eks-cluster",
            "aws_iam_role.algorims-dev-eks-role",
            "aws_security_group.algorims-dev-sg-master",
            "data.tls_certificate.cert"
          ]
        }
      ]
    },
    {
      "mode": "managed",
      "type": "aws_iam_role",
      "name": "algorims-certmgr-eks-dev-role",
      "provider": "provider[\"registry.terraform.io/hashicorp/aws\"]",
      "instances": [
        {
          "schema_version": 0,
          "attributes": {
            "arn": "arn:aws:iam::561580620525:role/algorims-certmgr-eks-role",
            "assume_role_policy": "{\"Statement\":[{\"Action\":\"sts:AssumeRoleWithWebIdentity\",\"Condition\":{\"StringEquals\":{\"oidc.eks.ap-southeast-2.amazonaws.com/id/74FB2C39A1D7183907187B597750F180:sub\":\"system:serviceaccount:kube-system:algorims-certmgr-eks-role\"}},\"Effect\":\"Allow\",\"Principal\":{\"Federated\":\"arn:aws:iam::561580620525:oidc-provider/oidc.eks.ap-southeast-2.amazonaws.com/id/74FB2C39A1D7183907187B597750F180\"}}],\"Version\":\"2012-10-17\"}",
            "create_date": "2024-03-23T02:37:28Z",
            "description": "",
            "force_detach_policies": false,
            "id": "algorims-certmgr-eks-role",
            "inline_policy": [
              {
                "name": "algorims-certmanager-eks-policy",
                "policy": "{\"Version\":\"2012-10-17\",\"Statement\":[{\"Action\":\"route53:GetChange\",\"Effect\":\"Allow\",\"Resource\":\"arn:aws:route53:::change/*\"},{\"Action\":[\"route53:ChangeResourceRecordSets\",\"route53:ListResourceRecordSets\"],\"Effect\":\"Allow\",\"Resource\":\"arn:aws:route53:::hostedzone/Z0093091AVETS604PFZJ\"}]}"
              }
            ],
            "managed_policy_arns": [],
            "max_session_duration": 3600,
            "name": "algorims-certmgr-eks-role",
            "name_prefix": "",
            "path": "/",
            "permissions_boundary": "",
            "tags": {
              "env": "dev",
              "ownedBy": "algorims",
              "terraform": "true"
            },
            "tags_all": {
              "env": "dev",
              "ownedBy": "algorims",
              "terraform": "true"
            },
            "unique_id": "AROAYFQGQHLWV7BGFOKWL"
          },
          "sensitive_attributes": [],
          "private": "bnVsbA==",
          "dependencies": [
            "aws_default_subnet.default-subnet-a",
            "aws_default_subnet.default-subnet-b",
            "aws_default_subnet.default-subnet-c",
            "aws_eks_cluster.algorims-dev-eks-cluster",
            "aws_iam_openid_connect_provider.openid",
            "aws_iam_role.algorims-dev-eks-role",
            "aws_security_group.algorims-dev-sg-master",
            "data.tls_certificate.cert"
          ]
        }
      ]
    },
    {
      "mode": "managed",
      "type": "aws_iam_role",
      "name": "algorims-ci-codebuild-iam-role",
      "provider": "provider[\"registry.terraform.io/hashicorp/aws\"]",
      "instances": [
        {
          "schema_version": 0,
          "attributes": {
            "arn": "arn:aws:iam::561580620525:role/algorims-ci-codebuild-iamrole",
            "assume_role_policy": "{\"Statement\":[{\"Action\":\"sts:AssumeRole\",\"Effect\":\"Allow\",\"Principal\":{\"Service\":\"codebuild.amazonaws.com\"}}],\"Version\":\"2012-10-17\"}",
            "create_date": "2024-03-23T02:29:43Z",
            "description": "",
            "force_detach_policies": false,
            "id": "algorims-ci-codebuild-iamrole",
            "inline_policy": [
              {
                "name": "algorims-ci-codebuild-iam-role-policy",
                "policy": "{\"Version\":\"2012-10-17\",\"Statement\":[{\"Action\":[\"logs:CreateLogGroup\",\"logs:CreateLogStream\",\"logs:PutLogEvents\"],\"Effect\":\"Allow\",\"Resource\":[\"*\"]},{\"Action\":[\"s3:*\"],\"Effect\":\"Allow\",\"Resource\":[\"arn:aws:s3:::algorims-codebuild-hello-world20240323022942372500000001\",\"arn:aws:s3:::algorims-codebuild-hello-world20240323022942372500000001/*\"]},{\"Action\":[\"ecr:BatchCheckLayerAvailability\",\"ecr:CompleteLayerUpload\",\"ecr:GetAuthorizationToken\",\"ecr:InitiateLayerUpload\",\"ecr:PutImage\",\"ecr:UploadLayerPart\",\"codecommit:*\"],\"Effect\":\"Allow\",\"Resource\":\"*\"},{\"Action\":[\"ssm:GetParameters\"],\"Effect\":\"Allow\",\"Resource\":\"*\"}]}"
              }
            ],
            "managed_policy_arns": [],
            "max_session_duration": 3600,
            "name": "algorims-ci-codebuild-iamrole",
            "name_prefix": "",
            "path": "/",
            "permissions_boundary": "",
            "tags": {},
            "tags_all": {},
            "unique_id": "AROAYFQGQHLWY6TQCARHQ"
          },
          "sensitive_attributes": [],
          "private": "bnVsbA=="
        }
      ]
    },
    {
      "mode": "managed",
      "type": "aws_iam_role",
      "name": "algorims-ci-lambdarole",
      "provider": "provider[\"registry.terraform.io/hashicorp/aws\"]",
      "instances": [
        {
          "schema_version": 0,
          "attributes": {
            "arn": "arn:aws:iam::561580620525:role/algorims-ci-lambda-role",
            "assume_role_policy": "{\"Statement\":[{\"Action\":\"sts:AssumeRole\",\"Effect\":\"Allow\",\"Principal\":{\"Service\":\"lambda.amazonaws.com\"}}],\"Version\":\"2012-10-17\"}",
            "create_date": "2024-03-23T02:50:43Z",
            "description": "",
            "force_detach_policies": false,
            "id": "algorims-ci-lambda-role",
            "inline_policy": [
              {
                "name": "algorims-ci-lambda-policy",
                "policy": "{\"Version\":\"2012-10-17\",\"Statement\":[{\"Action\":[\"codebuild:*\"],\"Effect\":\"Allow\",\"Resource\":\"*\"}]}"
              }
            ],
            "managed_policy_arns": [],
            "max_session_duration": 3600,
            "name": "algorims-ci-lambda-role",
            "name_prefix": "",
            "path": "/",
            "permissions_boundary": "",
            "tags": {},
            "tags_all": {},
            "unique_id": "AROAYFQGQHLW53CBYDFBK"
          },
          "sensitive_attributes": [],
          "private": "bnVsbA=="
        }
      ]
    },
    {
      "mode": "managed",
      "type": "aws_iam_role",
      "name": "algorims-dev-eks-node-role",
      "provider": "provider[\"registry.terraform.io/hashicorp/aws\"]",
      "instances": [
        {
          "schema_version": 0,
          "attributes": {
            "arn": "arn:aws:iam::561580620525:role/algorims-eks-node-role",
            "assume_role_policy": "{\"Statement\":[{\"Action\":\"sts:AssumeRole\",\"Effect\":\"Allow\",\"Principal\":{\"Service\":\"ec2.amazonaws.com\"}}],\"Version\":\"2012-10-17\"}",
            "create_date": "2024-03-23T02:29:43Z",
            "description": "",
            "force_detach_policies": false,
            "id": "algorims-eks-node-role",
            "inline_policy": [],
            "managed_policy_arns": [
              "arn:aws:iam::aws:policy/AWSCodeCommitFullAccess",
              "arn:aws:iam::aws:policy/AmazonEC2ContainerRegistryReadOnly",
              "arn:aws:iam::aws:policy/AmazonEKSWorkerNodePolicy",
              "arn:aws:iam::aws:policy/AmazonEKS_CNI_Policy"
            ],
            "max_session_duration": 3600,
            "name": "algorims-eks-node-role",
            "name_prefix": "",
            "path": "/",
            "permissions_boundary": "",
            "tags": {},
            "tags_all": {},
            "unique_id": "AROAYFQGQHLWREPYKKCQF"
          },
          "sensitive_attributes": [],
          "private": "bnVsbA=="
        }
      ]
    },
    {
      "mode": "managed",
      "type": "aws_iam_role",
      "name": "algorims-dev-eks-role",
      "provider": "provider[\"registry.terraform.io/hashicorp/aws\"]",
      "instances": [
        {
          "schema_version": 0,
          "attributes": {
            "arn": "arn:aws:iam::561580620525:role/algorims-eks-master-role",
            "assume_role_policy": "{\"Statement\":[{\"Action\":\"sts:AssumeRole\",\"Effect\":\"Allow\",\"Principal\":{\"Service\":\"eks.amazonaws.com\"}}],\"Version\":\"2012-10-17\"}",
            "create_date": "2024-03-23T02:29:43Z",
            "description": "",
            "force_detach_policies": false,
            "id": "algorims-eks-master-role",
            "inline_policy": [],
            "managed_policy_arns": [
              "arn:aws:iam::aws:policy/AmazonEKSClusterPolicy",
              "arn:aws:iam::aws:policy/AmazonEKSServicePolicy",
              "arn:aws:iam::aws:policy/AmazonEKSVPCResourceController"
            ],
            "max_session_duration": 3600,
            "name": "algorims-eks-master-role",
            "name_prefix": "",
            "path": "/",
            "permissions_boundary": "",
            "tags": {},
            "tags_all": {},
            "unique_id": "AROAYFQGQHLWVOKIYHGH7"
          },
          "sensitive_attributes": [],
          "private": "bnVsbA=="
        }
      ]
    },
    {
      "mode": "managed",
      "type": "aws_iam_role",
      "name": "algorims-elb-eks-dev-role",
      "provider": "provider[\"registry.terraform.io/hashicorp/aws\"]",
      "instances": [
        {
          "schema_version": 0,
          "attributes": {
            "arn": "arn:aws:iam::561580620525:role/algorims-aws-eks-lb-controller-role",
            "assume_role_policy": "{\"Statement\":[{\"Action\":\"sts:AssumeRoleWithWebIdentity\",\"Condition\":{\"StringEquals\":{\"oidc.eks.ap-southeast-2.amazonaws.com/id/74FB2C39A1D7183907187B597750F180:sub\":\"system:serviceaccount:kube-system:algorims-aws-eks-lb-controller-role\"}},\"Effect\":\"Allow\",\"Principal\":{\"Federated\":\"arn:aws:iam::561580620525:oidc-provider/oidc.eks.ap-southeast-2.amazonaws.com/id/74FB2C39A1D7183907187B597750F180\"}}],\"Version\":\"2012-10-17\"}",
            "create_date": "2024-03-23T02:37:28Z",
            "description": "",
            "force_detach_policies": false,
            "id": "algorims-aws-eks-lb-controller-role",
            "inline_policy": [
              {
                "name": "algorims-elb-eks-policy",
                "policy": "{\"Version\":\"2012-10-17\",\"Statement\":[{\"Action\":[\"iam:CreateServiceLinkedRole\"],\"Condition\":{\"StringEquals\":{\"iam:AWSServiceName\":\"elasticloadbalancing.amazonaws.com\"}},\"Effect\":\"Allow\",\"Resource\":\"*\"},{\"Action\":[\"ec2:DescribeAccountAttributes\",\"ec2:DescribeAddresses\",\"ec2:DescribeAvailabilityZones\",\"ec2:DescribeInternetGateways\",\"ec2:DescribeVpcs\",\"ec2:DescribeVpcPeeringConnections\",\"ec2:DescribeSubnets\",\"ec2:DescribeSecurityGroups\",\"ec2:DescribeInstances\",\"ec2:DescribeNetworkInterfaces\",\"ec2:DescribeTags\",\"ec2:GetCoipPoolUsage\",\"ec2:DescribeCoipPools\",\"elasticloadbalancing:DescribeLoadBalancers\",\"elasticloadbalancing:DescribeLoadBalancerAttributes\",\"elasticloadbalancing:DescribeListeners\",\"elasticloadbalancing:DescribeListenerCertificates\",\"elasticloadbalancing:DescribeSSLPolicies\",\"elasticloadbalancing:DescribeRules\",\"elasticloadbalancing:DescribeTargetGroups\",\"elasticloadbalancing:DescribeTargetGroupAttributes\",\"elasticloadbalancing:DescribeTargetHealth\",\"elasticloadbalancing:DescribeTags\",\"elasticloadbalancing:DescribeTrustStores\"],\"Effect\":\"Allow\",\"Resource\":\"*\"},{\"Action\":[\"cognito-idp:DescribeUserPoolClient\",\"acm:ListCertificates\",\"acm:DescribeCertificate\",\"iam:ListServerCertificates\",\"iam:GetServerCertificate\",\"waf-regional:GetWebACL\",\"waf-regional:GetWebACLForResource\",\"waf-regional:AssociateWebACL\",\"waf-regional:DisassociateWebACL\",\"wafv2:GetWebACL\",\"wafv2:GetWebACLForResource\",\"wafv2:AssociateWebACL\",\"wafv2:DisassociateWebACL\",\"shield:GetSubscriptionState\",\"shield:DescribeProtection\",\"shield:CreateProtection\",\"shield:DeleteProtection\"],\"Effect\":\"Allow\",\"Resource\":\"*\"},{\"Action\":[\"ec2:AuthorizeSecurityGroupIngress\",\"ec2:RevokeSecurityGroupIngress\"],\"Effect\":\"Allow\",\"Resource\":\"*\"},{\"Action\":[\"ec2:CreateSecurityGroup\"],\"Effect\":\"Allow\",\"Resource\":\"*\"},{\"Action\":[\"ec2:CreateTags\"],\"Condition\":{\"Null\":{\"aws:RequestTag/elbv2.k8s.aws/cluster\":\"false\"},\"StringEquals\":{\"ec2:CreateAction\":\"CreateSecurityGroup\"}},\"Effect\":\"Allow\",\"Resource\":\"arn:aws:ec2:*:*:security-group/*\"},{\"Action\":[\"ec2:CreateTags\",\"ec2:DeleteTags\"],\"Condition\":{\"Null\":{\"aws:RequestTag/elbv2.k8s.aws/cluster\":\"true\",\"aws:ResourceTag/elbv2.k8s.aws/cluster\":\"false\"}},\"Effect\":\"Allow\",\"Resource\":\"arn:aws:ec2:*:*:security-group/*\"},{\"Action\":[\"ec2:AuthorizeSecurityGroupIngress\",\"ec2:RevokeSecurityGroupIngress\",\"ec2:DeleteSecurityGroup\"],\"Condition\":{\"Null\":{\"aws:ResourceTag/elbv2.k8s.aws/cluster\":\"false\"}},\"Effect\":\"Allow\",\"Resource\":\"*\"},{\"Action\":[\"elasticloadbalancing:CreateLoadBalancer\",\"elasticloadbalancing:CreateTargetGroup\"],\"Condition\":{\"Null\":{\"aws:RequestTag/elbv2.k8s.aws/cluster\":\"false\"}},\"Effect\":\"Allow\",\"Resource\":\"*\"},{\"Action\":[\"elasticloadbalancing:CreateListener\",\"elasticloadbalancing:DeleteListener\",\"elasticloadbalancing:CreateRule\",\"elasticloadbalancing:DeleteRule\"],\"Effect\":\"Allow\",\"Resource\":\"*\"},{\"Action\":[\"elasticloadbalancing:AddTags\",\"elasticloadbalancing:RemoveTags\"],\"Condition\":{\"Null\":{\"aws:RequestTag/elbv2.k8s.aws/cluster\":\"true\",\"aws:ResourceTag/elbv2.k8s.aws/cluster\":\"false\"}},\"Effect\":\"Allow\",\"Resource\":[\"arn:aws:elasticloadbalancing:*:*:targetgroup/*/*\",\"arn:aws:elasticloadbalancing:*:*:loadbalancer/net/*/*\",\"arn:aws:elasticloadbalancing:*:*:loadbalancer/app/*/*\"]},{\"Action\":[\"elasticloadbalancing:AddTags\",\"elasticloadbalancing:RemoveTags\"],\"Effect\":\"Allow\",\"Resource\":[\"arn:aws:elasticloadbalancing:*:*:listener/net/*/*/*\",\"arn:aws:elasticloadbalancing:*:*:listener/app/*/*/*\",\"arn:aws:elasticloadbalancing:*:*:listener-rule/net/*/*/*\",\"arn:aws:elasticloadbalancing:*:*:listener-rule/app/*/*/*\"]},{\"Action\":[\"elasticloadbalancing:ModifyLoadBalancerAttributes\",\"elasticloadbalancing:SetIpAddressType\",\"elasticloadbalancing:SetSecurityGroups\",\"elasticloadbalancing:SetSubnets\",\"elasticloadbalancing:DeleteLoadBalancer\",\"elasticloadbalancing:ModifyTargetGroup\",\"elasticloadbalancing:ModifyTargetGroupAttributes\",\"elasticloadbalancing:DeleteTargetGroup\"],\"Condition\":{\"Null\":{\"aws:ResourceTag/elbv2.k8s.aws/cluster\":\"false\"}},\"Effect\":\"Allow\",\"Resource\":\"*\"},{\"Action\":[\"elasticloadbalancing:AddTags\"],\"Condition\":{\"Null\":{\"aws:RequestTag/elbv2.k8s.aws/cluster\":\"false\"},\"StringEquals\":{\"elasticloadbalancing:CreateAction\":[\"CreateTargetGroup\",\"CreateLoadBalancer\"]}},\"Effect\":\"Allow\",\"Resource\":[\"arn:aws:elasticloadbalancing:*:*:targetgroup/*/*\",\"arn:aws:elasticloadbalancing:*:*:loadbalancer/net/*/*\",\"arn:aws:elasticloadbalancing:*:*:loadbalancer/app/*/*\"]},{\"Action\":[\"elasticloadbalancing:RegisterTargets\",\"elasticloadbalancing:DeregisterTargets\"],\"Effect\":\"Allow\",\"Resource\":\"arn:aws:elasticloadbalancing:*:*:targetgroup/*/*\"},{\"Action\":[\"elasticloadbalancing:SetWebAcl\",\"elasticloadbalancing:ModifyListener\",\"elasticloadbalancing:AddListenerCertificates\",\"elasticloadbalancing:RemoveListenerCertificates\",\"elasticloadbalancing:ModifyRule\"],\"Effect\":\"Allow\",\"Resource\":\"*\"}]}"
              }
            ],
            "managed_policy_arns": [],
            "max_session_duration": 3600,
            "name": "algorims-aws-eks-lb-controller-role",
            "name_prefix": "",
            "path": "/",
            "permissions_boundary": "",
            "tags": {
              "env": "dev",
              "ownedBy": "algorims",
              "terraform": "true"
            },
            "tags_all": {
              "env": "dev",
              "ownedBy": "algorims",
              "terraform": "true"
            },
            "unique_id": "AROAYFQGQHLW4ADJIRP76"
          },
          "sensitive_attributes": [],
          "private": "bnVsbA==",
          "dependencies": [
            "aws_default_subnet.default-subnet-a",
            "aws_default_subnet.default-subnet-b",
            "aws_default_subnet.default-subnet-c",
            "aws_eks_cluster.algorims-dev-eks-cluster",
            "aws_iam_openid_connect_provider.openid",
            "aws_iam_role.algorims-dev-eks-role",
            "aws_security_group.algorims-dev-sg-master",
            "data.tls_certificate.cert"
          ]
        }
      ]
    },
    {
      "mode": "managed",
      "type": "aws_iam_role_policy",
      "name": "algorims-certmgr-eks-dev-policy",
      "provider": "provider[\"registry.terraform.io/hashicorp/aws\"]",
      "instances": [
        {
          "schema_version": 0,
          "attributes": {
            "id": "algorims-certmgr-eks-role:algorims-certmanager-eks-policy",
            "name": "algorims-certmanager-eks-policy",
            "name_prefix": "",
            "policy": "{\"Version\":\"2012-10-17\",\"Statement\":[{\"Action\":\"route53:GetChange\",\"Effect\":\"Allow\",\"Resource\":\"arn:aws:route53:::change/*\"},{\"Action\":[\"route53:ChangeResourceRecordSets\",\"route53:ListResourceRecordSets\"],\"Effect\":\"Allow\",\"Resource\":\"arn:aws:route53:::hostedzone/Z0093091AVETS604PFZJ\"}]}",
            "role": "algorims-certmgr-eks-role"
          },
          "sensitive_attributes": [],
          "private": "bnVsbA==",
          "dependencies": [
            "aws_default_subnet.default-subnet-a",
            "aws_default_subnet.default-subnet-b",
            "aws_default_subnet.default-subnet-c",
            "aws_eks_cluster.algorims-dev-eks-cluster",
            "aws_iam_openid_connect_provider.openid",
            "aws_iam_role.algorims-certmgr-eks-dev-role",
            "aws_iam_role.algorims-dev-eks-role",
            "aws_security_group.algorims-dev-sg-master",
            "data.aws_route53_zone.algorims-zone-id",
            "data.tls_certificate.cert"
          ]
        }
      ]
    },
    {
      "mode": "managed",
      "type": "aws_iam_role_policy",
      "name": "algorims-ci-codebuild-iam-rolepolicy",
      "provider": "provider[\"registry.terraform.io/hashicorp/aws\"]",
      "instances": [
        {
          "schema_version": 0,
          "attributes": {
            "id": "algorims-ci-codebuild-iamrole:algorims-ci-codebuild-iam-role-policy",
            "name": "algorims-ci-codebuild-iam-role-policy",
            "name_prefix": "",
            "policy": "{\"Version\":\"2012-10-17\",\"Statement\":[{\"Action\":[\"logs:CreateLogGroup\",\"logs:CreateLogStream\",\"logs:PutLogEvents\"],\"Effect\":\"Allow\",\"Resource\":[\"*\"]},{\"Action\":[\"s3:*\"],\"Effect\":\"Allow\",\"Resource\":[\"arn:aws:s3:::algorims-codebuild-hello-world20240323022942372500000001\",\"arn:aws:s3:::algorims-codebuild-hello-world20240323022942372500000001/*\"]},{\"Action\":[\"ecr:BatchCheckLayerAvailability\",\"ecr:CompleteLayerUpload\",\"ecr:GetAuthorizationToken\",\"ecr:InitiateLayerUpload\",\"ecr:PutImage\",\"ecr:UploadLayerPart\",\"codecommit:*\"],\"Effect\":\"Allow\",\"Resource\":\"*\"},{\"Action\":[\"ssm:GetParameters\"],\"Effect\":\"Allow\",\"Resource\":\"*\"}]}",
            "role": "algorims-ci-codebuild-iamrole"
          },
          "sensitive_attributes": [],
          "private": "bnVsbA==",
          "dependencies": [
            "aws_iam_role.algorims-ci-codebuild-iam-role",
            "aws_s3_bucket.algorims-ci-s3-bucket"
          ]
        }
      ]
    },
    {
      "mode": "managed",
      "type": "aws_iam_role_policy",
      "name": "algorims-ci-lambda-policy",
      "provider": "provider[\"registry.terraform.io/hashicorp/aws\"]",
      "instances": [
        {
          "schema_version": 0,
          "attributes": {
            "id": "algorims-ci-lambda-role:algorims-ci-lambda-policy",
            "name": "algorims-ci-lambda-policy",
            "name_prefix": "",
            "policy": "{\"Version\":\"2012-10-17\",\"Statement\":[{\"Action\":[\"codebuild:*\"],\"Effect\":\"Allow\",\"Resource\":\"*\"}]}",
            "role": "algorims-ci-lambda-role"
          },
          "sensitive_attributes": [],
          "private": "bnVsbA==",
          "dependencies": [
            "aws_iam_role.algorims-ci-lambdarole"
          ]
        }
      ]
    },
    {
      "mode": "managed",
      "type": "aws_iam_role_policy",
      "name": "algorims-elb-eks-dev-policy",
      "provider": "provider[\"registry.terraform.io/hashicorp/aws\"]",
      "instances": [
        {
          "schema_version": 0,
          "attributes": {
            "id": "algorims-aws-eks-lb-controller-role:algorims-elb-eks-policy",
            "name": "algorims-elb-eks-policy",
            "name_prefix": "",
            "policy": "{\"Version\":\"2012-10-17\",\"Statement\":[{\"Action\":[\"iam:CreateServiceLinkedRole\"],\"Condition\":{\"StringEquals\":{\"iam:AWSServiceName\":\"elasticloadbalancing.amazonaws.com\"}},\"Effect\":\"Allow\",\"Resource\":\"*\"},{\"Action\":[\"ec2:DescribeAccountAttributes\",\"ec2:DescribeAddresses\",\"ec2:DescribeAvailabilityZones\",\"ec2:DescribeInternetGateways\",\"ec2:DescribeVpcs\",\"ec2:DescribeVpcPeeringConnections\",\"ec2:DescribeSubnets\",\"ec2:DescribeSecurityGroups\",\"ec2:DescribeInstances\",\"ec2:DescribeNetworkInterfaces\",\"ec2:DescribeTags\",\"ec2:GetCoipPoolUsage\",\"ec2:DescribeCoipPools\",\"elasticloadbalancing:DescribeLoadBalancers\",\"elasticloadbalancing:DescribeLoadBalancerAttributes\",\"elasticloadbalancing:DescribeListeners\",\"elasticloadbalancing:DescribeListenerCertificates\",\"elasticloadbalancing:DescribeSSLPolicies\",\"elasticloadbalancing:DescribeRules\",\"elasticloadbalancing:DescribeTargetGroups\",\"elasticloadbalancing:DescribeTargetGroupAttributes\",\"elasticloadbalancing:DescribeTargetHealth\",\"elasticloadbalancing:DescribeTags\",\"elasticloadbalancing:DescribeTrustStores\"],\"Effect\":\"Allow\",\"Resource\":\"*\"},{\"Action\":[\"cognito-idp:DescribeUserPoolClient\",\"acm:ListCertificates\",\"acm:DescribeCertificate\",\"iam:ListServerCertificates\",\"iam:GetServerCertificate\",\"waf-regional:GetWebACL\",\"waf-regional:GetWebACLForResource\",\"waf-regional:AssociateWebACL\",\"waf-regional:DisassociateWebACL\",\"wafv2:GetWebACL\",\"wafv2:GetWebACLForResource\",\"wafv2:AssociateWebACL\",\"wafv2:DisassociateWebACL\",\"shield:GetSubscriptionState\",\"shield:DescribeProtection\",\"shield:CreateProtection\",\"shield:DeleteProtection\"],\"Effect\":\"Allow\",\"Resource\":\"*\"},{\"Action\":[\"ec2:AuthorizeSecurityGroupIngress\",\"ec2:RevokeSecurityGroupIngress\"],\"Effect\":\"Allow\",\"Resource\":\"*\"},{\"Action\":[\"ec2:CreateSecurityGroup\"],\"Effect\":\"Allow\",\"Resource\":\"*\"},{\"Action\":[\"ec2:CreateTags\"],\"Condition\":{\"Null\":{\"aws:RequestTag/elbv2.k8s.aws/cluster\":\"false\"},\"StringEquals\":{\"ec2:CreateAction\":\"CreateSecurityGroup\"}},\"Effect\":\"Allow\",\"Resource\":\"arn:aws:ec2:*:*:security-group/*\"},{\"Action\":[\"ec2:CreateTags\",\"ec2:DeleteTags\"],\"Condition\":{\"Null\":{\"aws:RequestTag/elbv2.k8s.aws/cluster\":\"true\",\"aws:ResourceTag/elbv2.k8s.aws/cluster\":\"false\"}},\"Effect\":\"Allow\",\"Resource\":\"arn:aws:ec2:*:*:security-group/*\"},{\"Action\":[\"ec2:AuthorizeSecurityGroupIngress\",\"ec2:RevokeSecurityGroupIngress\",\"ec2:DeleteSecurityGroup\"],\"Condition\":{\"Null\":{\"aws:ResourceTag/elbv2.k8s.aws/cluster\":\"false\"}},\"Effect\":\"Allow\",\"Resource\":\"*\"},{\"Action\":[\"elasticloadbalancing:CreateLoadBalancer\",\"elasticloadbalancing:CreateTargetGroup\"],\"Condition\":{\"Null\":{\"aws:RequestTag/elbv2.k8s.aws/cluster\":\"false\"}},\"Effect\":\"Allow\",\"Resource\":\"*\"},{\"Action\":[\"elasticloadbalancing:CreateListener\",\"elasticloadbalancing:DeleteListener\",\"elasticloadbalancing:CreateRule\",\"elasticloadbalancing:DeleteRule\"],\"Effect\":\"Allow\",\"Resource\":\"*\"},{\"Action\":[\"elasticloadbalancing:AddTags\",\"elasticloadbalancing:RemoveTags\"],\"Condition\":{\"Null\":{\"aws:RequestTag/elbv2.k8s.aws/cluster\":\"true\",\"aws:ResourceTag/elbv2.k8s.aws/cluster\":\"false\"}},\"Effect\":\"Allow\",\"Resource\":[\"arn:aws:elasticloadbalancing:*:*:targetgroup/*/*\",\"arn:aws:elasticloadbalancing:*:*:loadbalancer/net/*/*\",\"arn:aws:elasticloadbalancing:*:*:loadbalancer/app/*/*\"]},{\"Action\":[\"elasticloadbalancing:AddTags\",\"elasticloadbalancing:RemoveTags\"],\"Effect\":\"Allow\",\"Resource\":[\"arn:aws:elasticloadbalancing:*:*:listener/net/*/*/*\",\"arn:aws:elasticloadbalancing:*:*:listener/app/*/*/*\",\"arn:aws:elasticloadbalancing:*:*:listener-rule/net/*/*/*\",\"arn:aws:elasticloadbalancing:*:*:listener-rule/app/*/*/*\"]},{\"Action\":[\"elasticloadbalancing:ModifyLoadBalancerAttributes\",\"elasticloadbalancing:SetIpAddressType\",\"elasticloadbalancing:SetSecurityGroups\",\"elasticloadbalancing:SetSubnets\",\"elasticloadbalancing:DeleteLoadBalancer\",\"elasticloadbalancing:ModifyTargetGroup\",\"elasticloadbalancing:ModifyTargetGroupAttributes\",\"elasticloadbalancing:DeleteTargetGroup\"],\"Condition\":{\"Null\":{\"aws:ResourceTag/elbv2.k8s.aws/cluster\":\"false\"}},\"Effect\":\"Allow\",\"Resource\":\"*\"},{\"Action\":[\"elasticloadbalancing:AddTags\"],\"Condition\":{\"Null\":{\"aws:RequestTag/elbv2.k8s.aws/cluster\":\"false\"},\"StringEquals\":{\"elasticloadbalancing:CreateAction\":[\"CreateTargetGroup\",\"CreateLoadBalancer\"]}},\"Effect\":\"Allow\",\"Resource\":[\"arn:aws:elasticloadbalancing:*:*:targetgroup/*/*\",\"arn:aws:elasticloadbalancing:*:*:loadbalancer/net/*/*\",\"arn:aws:elasticloadbalancing:*:*:loadbalancer/app/*/*\"]},{\"Action\":[\"elasticloadbalancing:RegisterTargets\",\"elasticloadbalancing:DeregisterTargets\"],\"Effect\":\"Allow\",\"Resource\":\"arn:aws:elasticloadbalancing:*:*:targetgroup/*/*\"},{\"Action\":[\"elasticloadbalancing:SetWebAcl\",\"elasticloadbalancing:ModifyListener\",\"elasticloadbalancing:AddListenerCertificates\",\"elasticloadbalancing:RemoveListenerCertificates\",\"elasticloadbalancing:ModifyRule\"],\"Effect\":\"Allow\",\"Resource\":\"*\"}]}",
            "role": "algorims-aws-eks-lb-controller-role"
          },
          "sensitive_attributes": [],
          "private": "bnVsbA==",
          "dependencies": [
            "aws_default_subnet.default-subnet-a",
            "aws_default_subnet.default-subnet-b",
            "aws_default_subnet.default-subnet-c",
            "aws_eks_cluster.algorims-dev-eks-cluster",
            "aws_iam_openid_connect_provider.openid",
            "aws_iam_role.algorims-dev-eks-role",
            "aws_iam_role.algorims-elb-eks-dev-role",
            "aws_security_group.algorims-dev-sg-master",
            "data.tls_certificate.cert"
          ]
        }
      ]
    },
    {
      "mode": "managed",
      "type": "aws_iam_role_policy_attachment",
      "name": "eks-AmazonEKSClusterPolicy",
      "provider": "provider[\"registry.terraform.io/hashicorp/aws\"]",
      "instances": [
        {
          "schema_version": 0,
          "attributes": {
            "id": "algorims-eks-master-role-20240323022944791200000002",
            "policy_arn": "arn:aws:iam::aws:policy/AmazonEKSClusterPolicy",
            "role": "algorims-eks-master-role"
          },
          "sensitive_attributes": [],
          "private": "bnVsbA==",
          "dependencies": [
            "aws_iam_role.algorims-dev-eks-role"
          ]
        }
      ]
    },
    {
      "mode": "managed",
      "type": "aws_iam_role_policy_attachment",
      "name": "eks-AmazonEKSServicePolicy",
      "provider": "provider[\"registry.terraform.io/hashicorp/aws\"]",
      "instances": [
        {
          "schema_version": 0,
          "attributes": {
            "id": "algorims-eks-master-role-20240323022945108400000008",
            "policy_arn": "arn:aws:iam::aws:policy/AmazonEKSServicePolicy",
            "role": "algorims-eks-master-role"
          },
          "sensitive_attributes": [],
          "private": "bnVsbA==",
          "dependencies": [
            "aws_iam_role.algorims-dev-eks-role"
          ]
        }
      ]
    },
    {
      "mode": "managed",
      "type": "aws_iam_role_policy_attachment",
      "name": "eks-AmazonEKSVPCResourceController",
      "provider": "provider[\"registry.terraform.io/hashicorp/aws\"]",
      "instances": [
        {
          "schema_version": 0,
          "attributes": {
            "id": "algorims-eks-master-role-20240323022944975400000007",
            "policy_arn": "arn:aws:iam::aws:policy/AmazonEKSVPCResourceController",
            "role": "algorims-eks-master-role"
          },
          "sensitive_attributes": [],
          "private": "bnVsbA==",
          "dependencies": [
            "aws_iam_role.algorims-dev-eks-role"
          ]
        }
      ]
    },
    {
      "mode": "managed",
      "type": "aws_iam_role_policy_attachment",
      "name": "node-group-AWSCodeCommitReadOnly",
      "provider": "provider[\"registry.terraform.io/hashicorp/aws\"]",
      "instances": [
        {
          "schema_version": 0,
          "attributes": {
            "id": "algorims-eks-node-role-20240323022944825500000006",
            "policy_arn": "arn:aws:iam::aws:policy/AWSCodeCommitFullAccess",
            "role": "algorims-eks-node-role"
          },
          "sensitive_attributes": [],
          "private": "bnVsbA==",
          "dependencies": [
            "aws_iam_role.algorims-dev-eks-node-role"
          ]
        }
      ]
    },
    {
      "mode": "managed",
      "type": "aws_iam_role_policy_attachment",
      "name": "node-group-AmazonEC2ContainerRegistryReadOnly",
      "provider": "provider[\"registry.terraform.io/hashicorp/aws\"]",
      "instances": [
        {
          "schema_version": 0,
          "attributes": {
            "id": "algorims-eks-node-role-20240323022944798900000003",
            "policy_arn": "arn:aws:iam::aws:policy/AmazonEC2ContainerRegistryReadOnly",
            "role": "algorims-eks-node-role"
          },
          "sensitive_attributes": [],
          "private": "bnVsbA==",
          "dependencies": [
            "aws_iam_role.algorims-dev-eks-node-role"
          ]
        }
      ]
    },
    {
      "mode": "managed",
      "type": "aws_iam_role_policy_attachment",
      "name": "node-group-AmazonEKSWorkerNodePolicy",
      "provider": "provider[\"registry.terraform.io/hashicorp/aws\"]",
      "instances": [
        {
          "schema_version": 0,
          "attributes": {
            "id": "algorims-eks-node-role-20240323022944816200000005",
            "policy_arn": "arn:aws:iam::aws:policy/AmazonEKSWorkerNodePolicy",
            "role": "algorims-eks-node-role"
          },
          "sensitive_attributes": [],
          "private": "bnVsbA==",
          "dependencies": [
            "aws_iam_role.algorims-dev-eks-node-role"
          ]
        }
      ]
    },
    {
      "mode": "managed",
      "type": "aws_iam_role_policy_attachment",
      "name": "node-group-AmazonEKS_CNI_Policy",
      "provider": "provider[\"registry.terraform.io/hashicorp/aws\"]",
      "instances": [
        {
          "schema_version": 0,
          "attributes": {
            "id": "algorims-eks-node-role-20240323022944808800000004",
            "policy_arn": "arn:aws:iam::aws:policy/AmazonEKS_CNI_Policy",
            "role": "algorims-eks-node-role"
          },
          "sensitive_attributes": [],
          "private": "bnVsbA==",
          "dependencies": [
            "aws_iam_role.algorims-dev-eks-node-role"
          ]
        }
      ]
    },
    {
      "mode": "managed",
      "type": "aws_lambda_function",
      "name": "algorims-lamda-codecommit",
      "provider": "provider[\"registry.terraform.io/hashicorp/aws\"]",
      "instances": [
        {
          "schema_version": 0,
          "attributes": {
            "architectures": [
              "x86_64"
            ],
            "arn": "arn:aws:lambda:ap-southeast-2:561580620525:function:lambda-ci-codebuild-function",
            "code_signing_config_arn": "",
            "dead_letter_config": [],
            "description": "",
            "environment": [],
            "ephemeral_storage": [
              {
                "size": 512
              }
            ],
            "file_system_config": [],
            "filename": "trigger.zip",
            "function_name": "lambda-ci-codebuild-function",
            "handler": "lambda_function.lambda_handler",
            "id": "lambda-ci-codebuild-function",
            "image_config": [],
            "image_uri": "",
            "invoke_arn": "arn:aws:apigateway:ap-southeast-2:lambda:path/2015-03-31/functions/arn:aws:lambda:ap-southeast-2:561580620525:function:lambda-ci-codebuild-function/invocations",
            "kms_key_arn": "",
            "last_modified": "2024-03-23T02:58:37.337+0000",
            "layers": null,
            "logging_config": [
              {
                "application_log_level": "",
                "log_format": "Text",
                "log_group": "/aws/lambda/lambda-ci-codebuild-function",
                "system_log_level": ""
              }
            ],
            "memory_size": 128,
            "package_type": "Zip",
            "publish": false,
            "qualified_arn": "arn:aws:lambda:ap-southeast-2:561580620525:function:lambda-ci-codebuild-function:$LATEST",
            "qualified_invoke_arn": "arn:aws:apigateway:ap-southeast-2:lambda:path/2015-03-31/functions/arn:aws:lambda:ap-southeast-2:561580620525:function:lambda-ci-codebuild-function:$LATEST/invocations",
            "replace_security_groups_on_destroy": null,
            "replacement_security_group_ids": null,
            "reserved_concurrent_executions": -1,
            "role": "arn:aws:iam::561580620525:role/algorims-ci-lambda-role",
            "runtime": "python3.9",
            "s3_bucket": null,
            "s3_key": null,
            "s3_object_version": null,
            "signing_job_arn": "",
            "signing_profile_version_arn": "",
            "skip_destroy": false,
            "snap_start": [],
            "source_code_hash": "KGwlpxKZFG/rOFgv7+gDtBvEX6dBltsxG2/83nOlacM=",
            "source_code_size": 368,
            "tags": null,
            "tags_all": {},
            "timeout": 10,
            "timeouts": null,
            "tracing_config": [
              {
                "mode": "PassThrough"
              }
            ],
            "version": "$LATEST",
            "vpc_config": []
          },
          "sensitive_attributes": [],
          "private": "eyJlMmJmYjczMC1lY2FhLTExZTYtOGY4OC0zNDM2M2JjN2M0YzAiOnsiY3JlYXRlIjo2MDAwMDAwMDAwMDAsImRlbGV0ZSI6NjAwMDAwMDAwMDAwLCJ1cGRhdGUiOjYwMDAwMDAwMDAwMH19",
          "dependencies": [
            "aws_iam_role.algorims-ci-lambdarole",
            "data.archive_file.python_lambda_package"
          ]
        }
      ]
    },
    {
      "mode": "managed",
      "type": "aws_lambda_permission",
      "name": "algorims-lamda-codecommit-permission",
      "provider": "provider[\"registry.terraform.io/hashicorp/aws\"]",
      "instances": [
        {
          "schema_version": 0,
          "attributes": {
            "action": "lambda:InvokeFunction",
            "event_source_token": null,
            "function_name": "lambda-ci-codebuild-function",
            "function_url_auth_type": null,
            "id": "1",
            "principal": "codecommit.amazonaws.com",
            "principal_org_id": null,
            "qualifier": "",
            "source_account": null,
            "source_arn": "arn:aws:codecommit:ap-southeast-2:561580620525:algorims-dev-ci",
            "statement_id": "1",
            "statement_id_prefix": ""
          },
          "sensitive_attributes": [],
          "private": "bnVsbA==",
          "dependencies": [
            "aws_iam_role.algorims-ci-lambdarole",
            "aws_lambda_function.algorims-lamda-codecommit",
            "data.archive_file.python_lambda_package",
            "module.aws-code-commit-ci-repo.aws_codecommit_repository.repo"
          ]
        }
      ]
    },
    {
      "mode": "managed",
      "type": "aws_route53_record",
      "name": "elb",
      "provider": "provider[\"registry.terraform.io/hashicorp/aws\"]",
      "instances": [
        {
          "schema_version": 2,
          "attributes": {
            "alias": [
              {
                "evaluate_target_health": false,
                "name": "k8s-ingressn-nginxing-69f9023ccb-6e78e0931e50ad24.elb.ap-southeast-2.amazonaws.com",
                "zone_id": "ZCT6FZBF4DROD"
              }
            ],
            "allow_overwrite": true,
            "cidr_routing_policy": [],
            "failover_routing_policy": [],
            "fqdn": "*.app.algorims.net",
            "geolocation_routing_policy": [],
            "geoproximity_routing_policy": [],
            "health_check_id": "",
            "id": "Z0093091AVETS604PFZJ_*.app.algorims.net_A",
            "latency_routing_policy": [],
            "multivalue_answer_routing_policy": false,
            "name": "*.app.algorims.net",
            "records": [],
            "set_identifier": "",
            "ttl": 0,
            "type": "A",
            "weighted_routing_policy": [],
            "zone_id": "Z0093091AVETS604PFZJ"
          },
          "sensitive_attributes": [],
          "private": "eyJzY2hlbWFfdmVyc2lvbiI6IjIifQ==",
          "dependencies": [
            "aws_default_subnet.default-subnet-a",
            "aws_default_subnet.default-subnet-b",
            "aws_default_subnet.default-subnet-c",
            "aws_default_vpc.default-vpc",
            "aws_eks_cluster.algorims-dev-eks-cluster",
            "aws_eks_node_group.algorims-dev-node-group",
            "aws_iam_openid_connect_provider.openid",
            "aws_iam_role.algorims-dev-eks-node-role",
            "aws_iam_role.algorims-dev-eks-role",
            "aws_iam_role.algorims-elb-eks-dev-role",
            "aws_security_group.algorims-dev-sg-master",
            "data.aws_eks_cluster.default",
            "data.aws_lb.ingress-nginx",
            "data.aws_route53_zone.algorims-zone-id",
            "data.kubernetes_service.ingress-nginx",
            "data.tls_certificate.cert",
            "helm_release.aws-load-balancer-controller",
            "helm_release.nginx-ingress-controller"
          ]
        }
      ]
    },
    {
      "mode": "managed",
      "type": "aws_s3_bucket",
      "name": "algorims-ci-s3-bucket",
      "provider": "provider[\"registry.terraform.io/hashicorp/aws\"]",
      "instances": [
        {
          "schema_version": 0,
          "attributes": {
            "acceleration_status": "",
            "acl": null,
            "arn": "arn:aws:s3:::algorims-codebuild-hello-world20240323022942372500000001",
            "bucket": "algorims-codebuild-hello-world20240323022942372500000001",
            "bucket_domain_name": "algorims-codebuild-hello-world20240323022942372500000001.s3.amazonaws.com",
            "bucket_prefix": "algorims-codebuild-hello-world",
            "bucket_regional_domain_name": "algorims-codebuild-hello-world20240323022942372500000001.s3.ap-southeast-2.amazonaws.com",
            "cors_rule": [],
            "force_destroy": true,
            "grant": [
              {
                "id": "6bf33eb6457211d2ffeb36f3e012b6566e565a90fd6ec27990109846d75beae0",
                "permissions": [
                  "FULL_CONTROL"
                ],
                "type": "CanonicalUser",
                "uri": ""
              }
            ],
            "hosted_zone_id": "Z1WCIGYICN2BYD",
            "id": "algorims-codebuild-hello-world20240323022942372500000001",
            "lifecycle_rule": [],
            "logging": [],
            "object_lock_configuration": [],
            "object_lock_enabled": false,
            "policy": "",
            "region": "ap-southeast-2",
            "replication_configuration": [],
            "request_payer": "BucketOwner",
            "server_side_encryption_configuration": [
              {
                "rule": [
                  {
                    "apply_server_side_encryption_by_default": [
                      {
                        "kms_master_key_id": "",
                        "sse_algorithm": "AES256"
                      }
                    ],
                    "bucket_key_enabled": false
                  }
                ]
              }
            ],
            "tags": {},
            "tags_all": {},
            "timeouts": null,
            "versioning": [
              {
                "enabled": false,
                "mfa_delete": false
              }
            ],
            "website": [],
            "website_domain": null,
            "website_endpoint": null
          },
          "sensitive_attributes": [],
          "private": "eyJlMmJmYjczMC1lY2FhLTExZTYtOGY4OC0zNDM2M2JjN2M0YzAiOnsiY3JlYXRlIjoxMjAwMDAwMDAwMDAwLCJkZWxldGUiOjM2MDAwMDAwMDAwMDAsInJlYWQiOjEyMDAwMDAwMDAwMDAsInVwZGF0ZSI6MTIwMDAwMDAwMDAwMH19"
        }
      ]
    },
    {
      "mode": "managed",
      "type": "aws_security_group",
      "name": "algorims-dev-sg-master",
      "provider": "provider[\"registry.terraform.io/hashicorp/aws\"]",
      "instances": [
        {
          "schema_version": 1,
          "attributes": {
            "arn": "arn:aws:ec2:ap-southeast-2:561580620525:security-group/sg-0d4f45ab278c817ff",
            "description": "eks cluster sg",
            "egress": [
              {
                "cidr_blocks": [
                  "0.0.0.0/0"
                ],
                "description": "",
                "from_port": 0,
                "ipv6_cidr_blocks": [],
                "prefix_list_ids": [],
                "protocol": "-1",
                "security_groups": [],
                "self": false,
                "to_port": 0
              }
            ],
            "id": "sg-0d4f45ab278c817ff",
            "ingress": [
              {
                "cidr_blocks": [],
                "description": "",
                "from_port": 0,
                "ipv6_cidr_blocks": [],
                "prefix_list_ids": [],
                "protocol": "-1",
                "security_groups": [
                  "sg-06d3ad54d1e3ada2d"
                ],
                "self": false,
                "to_port": 0
              }
            ],
            "name": "algorims-dev-master",
            "name_prefix": "",
            "owner_id": "561580620525",
            "revoke_rules_on_delete": false,
            "tags": {
              "env": "dev",
              "ownedBy": "algorims",
              "terraform": "true"
            },
            "tags_all": {
              "env": "dev",
              "ownedBy": "algorims",
              "terraform": "true"
            },
            "timeouts": null,
            "vpc_id": "vpc-07a5f894250e10e99"
          },
          "sensitive_attributes": [],
          "private": "eyJlMmJmYjczMC1lY2FhLTExZTYtOGY4OC0zNDM2M2JjN2M0YzAiOnsiY3JlYXRlIjo2MDAwMDAwMDAwMDAsImRlbGV0ZSI6OTAwMDAwMDAwMDAwfSwic2NoZW1hX3ZlcnNpb24iOiIxIn0="
        }
      ]
    },
    {
      "mode": "managed",
      "type": "aws_security_group",
      "name": "algorims-dev-sg-nodes",
      "provider": "provider[\"registry.terraform.io/hashicorp/aws\"]",
      "instances": [
        {
          "schema_version": 1,
          "attributes": {
            "arn": "arn:aws:ec2:ap-southeast-2:561580620525:security-group/sg-06d3ad54d1e3ada2d",
            "description": "sg for nodes",
            "egress": [
              {
                "cidr_blocks": [
                  "0.0.0.0/0"
                ],
                "description": "",
                "from_port": 0,
                "ipv6_cidr_blocks": [],
                "prefix_list_ids": [],
                "protocol": "-1",
                "security_groups": [],
                "self": false,
                "to_port": 0
              }
            ],
            "id": "sg-06d3ad54d1e3ada2d",
            "ingress": [
              {
                "cidr_blocks": [],
                "description": "",
                "from_port": 0,
                "ipv6_cidr_blocks": [],
                "prefix_list_ids": [],
                "protocol": "-1",
                "security_groups": [
                  "sg-0d4f45ab278c817ff"
                ],
                "self": false,
                "to_port": 0
              },
              {
                "cidr_blocks": [],
                "description": "",
                "from_port": 0,
                "ipv6_cidr_blocks": [],
                "prefix_list_ids": [],
                "protocol": "-1",
                "security_groups": [],
                "self": true,
                "to_port": 0
              }
            ],
            "name": "algorims-sg-nodes",
            "name_prefix": "",
            "owner_id": "561580620525",
            "revoke_rules_on_delete": false,
            "tags": {
              "env": "dev",
              "ownedBy": "algorims",
              "terraform": "true"
            },
            "tags_all": {
              "env": "dev",
              "ownedBy": "algorims",
              "terraform": "true"
            },
            "timeouts": null,
            "vpc_id": "vpc-07a5f894250e10e99"
          },
          "sensitive_attributes": [],
          "private": "eyJlMmJmYjczMC1lY2FhLTExZTYtOGY4OC0zNDM2M2JjN2M0YzAiOnsiY3JlYXRlIjo2MDAwMDAwMDAwMDAsImRlbGV0ZSI6OTAwMDAwMDAwMDAwfSwic2NoZW1hX3ZlcnNpb24iOiIxIn0=",
          "dependencies": [
            "aws_default_vpc.default-vpc",
            "aws_security_group.algorims-dev-sg-master"
          ]
        }
      ]
    },
    {
      "mode": "managed",
      "type": "aws_security_group_rule",
      "name": "cluster_inbound",
      "provider": "provider[\"registry.terraform.io/hashicorp/aws\"]",
      "instances": [
        {
          "schema_version": 2,
          "attributes": {
            "cidr_blocks": null,
            "description": "",
            "from_port": 0,
            "id": "sgrule-3670694524",
            "ipv6_cidr_blocks": null,
            "prefix_list_ids": null,
            "protocol": "-1",
            "security_group_id": "sg-0d4f45ab278c817ff",
            "security_group_rule_id": "sgr-0b8ffc628f800958d",
            "self": false,
            "source_security_group_id": "sg-06d3ad54d1e3ada2d",
            "timeouts": null,
            "to_port": 0,
            "type": "ingress"
          },
          "sensitive_attributes": [],
          "private": "eyJlMmJmYjczMC1lY2FhLTExZTYtOGY4OC0zNDM2M2JjN2M0YzAiOnsiY3JlYXRlIjozMDAwMDAwMDAwMDB9LCJzY2hlbWFfdmVyc2lvbiI6IjIifQ==",
          "dependencies": [
            "aws_default_vpc.default-vpc",
            "aws_security_group.algorims-dev-sg-master",
            "aws_security_group.algorims-dev-sg-nodes"
          ]
        }
      ]
    },
    {
      "mode": "managed",
      "type": "aws_ssm_parameter",
      "name": "algorims-ci-ssm",
      "provider": "provider[\"registry.terraform.io/hashicorp/aws\"]",
      "instances": [
        {
          "schema_version": 0,
          "attributes": {
            "allowed_pattern": "",
            "arn": "arn:aws:ssm:ap-southeast-2:561580620525:parameter/codeBuild/dockerPassword",
            "data_type": "text",
            "description": "The Dockerhub password",
            "id": "/codeBuild/dockerPassword",
            "insecure_value": null,
            "key_id": "alias/aws/ssm",
            "name": "/codeBuild/dockerPassword",
            "overwrite": null,
            "tags": {},
            "tags_all": {},
            "tier": "Standard",
            "type": "SecureString",
            "value": "Prasad@123",
            "version": 1
          },
          "sensitive_attributes": [],
          "private": "bnVsbA=="
        }
      ]
    },
    {
      "mode": "managed",
      "type": "helm_release",
      "name": "argocd",
      "provider": "provider[\"registry.terraform.io/hashicorp/helm\"]",
      "instances": [
        {
          "schema_version": 0,
          "attributes": {
            "atomic": false,
            "chart": "argo-cd",
            "cleanup_on_fail": false,
            "create_namespace": true,
            "dependency_update": false,
            "description": null,
            "devel": null,
            "disable_crd_hooks": false,
            "disable_openapi_validation": false,
            "disable_webhooks": false,
            "force_update": false,
            "id": "argocd",
            "keyring": null,
            "lint": false,
            "manifest": null,
            "max_history": 0,
            "metadata": [
              {
                "app_version": "v2.4.2",
                "chart": "argo-cd",
                "name": "argocd",
                "namespace": "argocd",
                "revision": 1,
                "values": "null",
                "version": "4.9.7"
              }
            ],
            "name": "argocd",
            "namespace": "argocd",
            "postrender": [],
            "recreate_pods": false,
            "render_subchart_notes": true,
            "replace": false,
            "repository": "https://argoproj.github.io/argo-helm",
            "repository_ca_file": null,
            "repository_cert_file": null,
            "repository_key_file": null,
            "repository_password": null,
            "repository_username": null,
            "reset_values": false,
            "reuse_values": false,
            "set": [],
            "set_sensitive": [],
            "skip_crds": false,
            "status": "deployed",
            "timeout": 300,
            "values": null,
            "verify": false,
            "version": "4.9.7",
            "wait": true,
            "wait_for_jobs": false
          },
          "sensitive_attributes": [],
          "private": "bnVsbA==",
          "dependencies": [
            "aws_default_subnet.default-subnet-a",
            "aws_default_subnet.default-subnet-b",
            "aws_default_subnet.default-subnet-c",
            "aws_default_vpc.default-vpc",
            "aws_eks_cluster.algorims-dev-eks-cluster",
            "aws_eks_node_group.algorims-dev-node-group",
            "aws_iam_openid_connect_provider.openid",
            "aws_iam_role.algorims-certmgr-eks-dev-role",
            "aws_iam_role.algorims-dev-eks-node-role",
            "aws_iam_role.algorims-dev-eks-role",
            "aws_iam_role.algorims-elb-eks-dev-role",
            "aws_security_group.algorims-dev-sg-master",
            "data.aws_eks_cluster.default",
            "data.tls_certificate.cert",
            "helm_release.aws-certmanager",
            "helm_release.aws-load-balancer-controller",
            "helm_release.nginx-ingress-controller"
          ]
        }
      ]
    },
    {
      "mode": "managed",
      "type": "helm_release",
      "name": "aws-certmanager",
      "provider": "provider[\"registry.terraform.io/hashicorp/helm\"]",
      "instances": [
        {
          "schema_version": 0,
          "attributes": {
            "atomic": false,
            "chart": "cert-manager",
            "cleanup_on_fail": false,
            "create_namespace": false,
            "dependency_update": false,
            "description": null,
            "devel": null,
            "disable_crd_hooks": false,
            "disable_openapi_validation": false,
            "disable_webhooks": false,
            "force_update": false,
            "id": "cert-manager",
            "keyring": null,
            "lint": false,
            "manifest": null,
            "max_history": 0,
            "metadata": [
              {
                "app_version": "v1.14.4",
                "chart": "cert-manager",
                "name": "cert-manager",
                "namespace": "kube-system",
                "revision": 1,
                "values": "{\"installCRDs\":true,\"serviceAccount\":{\"annotations\":{\"eks.amazonaws.com/role-arn\":\"arn:aws:iam::561580620525:role/algorims-certmgr-eks-role\"},\"create\":true,\"name\":\"algorims-certmgr-eks-role\"}}",
                "version": "v1.14.4"
              }
            ],
            "name": "cert-manager",
            "namespace": "kube-system",
            "postrender": [],
            "recreate_pods": false,
            "render_subchart_notes": true,
            "replace": false,
            "repository": "https://charts.jetstack.io",
            "repository_ca_file": null,
            "repository_cert_file": null,
            "repository_key_file": null,
            "repository_password": null,
            "repository_username": null,
            "reset_values": false,
            "reuse_values": false,
            "set": [
              {
                "name": "installCRDs",
                "type": "",
                "value": "true"
              },
              {
                "name": "serviceAccount.annotations.eks\\.amazonaws\\.com/role-arn",
                "type": "",
                "value": "arn:aws:iam::561580620525:role/algorims-certmgr-eks-role"
              },
              {
                "name": "serviceAccount.create",
                "type": "",
                "value": "true"
              },
              {
                "name": "serviceAccount.name",
                "type": "",
                "value": "algorims-certmgr-eks-role"
              }
            ],
            "set_sensitive": [],
            "skip_crds": false,
            "status": "deployed",
            "timeout": 300,
            "values": null,
            "verify": false,
            "version": "v1.14.4",
            "wait": true,
            "wait_for_jobs": false
          },
          "sensitive_attributes": [],
          "private": "bnVsbA==",
          "dependencies": [
            "aws_default_subnet.default-subnet-a",
            "aws_default_subnet.default-subnet-b",
            "aws_default_subnet.default-subnet-c",
            "aws_default_vpc.default-vpc",
            "aws_eks_cluster.algorims-dev-eks-cluster",
            "aws_eks_node_group.algorims-dev-node-group",
            "aws_iam_openid_connect_provider.openid",
            "aws_iam_role.algorims-certmgr-eks-dev-role",
            "aws_iam_role.algorims-dev-eks-node-role",
            "aws_iam_role.algorims-dev-eks-role",
            "aws_iam_role.algorims-elb-eks-dev-role",
            "aws_security_group.algorims-dev-sg-master",
            "data.aws_eks_cluster.default",
            "data.tls_certificate.cert",
            "helm_release.aws-load-balancer-controller",
            "helm_release.nginx-ingress-controller"
          ]
        }
      ]
    },
    {
      "mode": "managed",
      "type": "helm_release",
      "name": "aws-load-balancer-controller",
      "provider": "provider[\"registry.terraform.io/hashicorp/helm\"]",
      "instances": [
        {
          "schema_version": 0,
          "attributes": {
            "atomic": false,
            "chart": "aws-load-balancer-controller",
            "cleanup_on_fail": false,
            "create_namespace": false,
            "dependency_update": false,
            "description": null,
            "devel": null,
            "disable_crd_hooks": false,
            "disable_openapi_validation": false,
            "disable_webhooks": false,
            "force_update": false,
            "id": "aws-load-balancer-controller",
            "keyring": null,
            "lint": false,
            "manifest": null,
            "max_history": 0,
            "metadata": [
              {
                "app_version": "v2.7.2",
                "chart": "aws-load-balancer-controller",
                "name": "aws-load-balancer-controller",
                "namespace": "kube-system",
                "revision": 1,
                "values": "{\"clusterName\":\"algorims-eks-cluster\",\"region\":\"ap-southeast-2\",\"serviceAccount\":{\"annotations\":{\"eks.amazonaws.com/role-arn\":\"arn:aws:iam::561580620525:role/algorims-aws-eks-lb-controller-role\"},\"create\":true,\"name\":\"algorims-aws-eks-lb-controller-role\"},\"vpcId\":\"vpc-07a5f894250e10e99\"}",
                "version": "1.7.2"
              }
            ],
            "name": "aws-load-balancer-controller",
            "namespace": "kube-system",
            "postrender": [],
            "recreate_pods": false,
            "render_subchart_notes": true,
            "replace": false,
            "repository": "https://aws.github.io/eks-charts",
            "repository_ca_file": null,
            "repository_cert_file": null,
            "repository_key_file": null,
            "repository_password": null,
            "repository_username": null,
            "reset_values": false,
            "reuse_values": false,
            "set": [
              {
                "name": "clusterName",
                "type": "",
                "value": "algorims-eks-cluster"
              },
              {
                "name": "region",
                "type": "",
                "value": "ap-southeast-2"
              },
              {
                "name": "serviceAccount.annotations.eks\\.amazonaws\\.com/role-arn",
                "type": "",
                "value": "arn:aws:iam::561580620525:role/algorims-aws-eks-lb-controller-role"
              },
              {
                "name": "serviceAccount.create",
                "type": "",
                "value": "true"
              },
              {
                "name": "serviceAccount.name",
                "type": "",
                "value": "algorims-aws-eks-lb-controller-role"
              },
              {
                "name": "vpcId",
                "type": "",
                "value": "vpc-07a5f894250e10e99"
              }
            ],
            "set_sensitive": [],
            "skip_crds": false,
            "status": "deployed",
            "timeout": 300,
            "values": null,
            "verify": false,
            "version": "1.7.2",
            "wait": true,
            "wait_for_jobs": false
          },
          "sensitive_attributes": [],
          "private": "bnVsbA==",
          "dependencies": [
            "aws_default_subnet.default-subnet-a",
            "aws_default_subnet.default-subnet-b",
            "aws_default_subnet.default-subnet-c",
            "aws_default_vpc.default-vpc",
            "aws_eks_cluster.algorims-dev-eks-cluster",
            "aws_eks_node_group.algorims-dev-node-group",
            "aws_iam_openid_connect_provider.openid",
            "aws_iam_role.algorims-dev-eks-node-role",
            "aws_iam_role.algorims-dev-eks-role",
            "aws_iam_role.algorims-elb-eks-dev-role",
            "aws_security_group.algorims-dev-sg-master",
            "data.aws_eks_cluster.default",
            "data.tls_certificate.cert"
          ]
        }
      ]
    },
    {
      "mode": "managed",
      "type": "helm_release",
      "name": "nginx-ingress-controller",
      "provider": "provider[\"registry.terraform.io/hashicorp/helm\"]",
      "instances": [
        {
          "schema_version": 0,
          "attributes": {
            "atomic": false,
            "chart": "nginx-ingress-controller",
            "cleanup_on_fail": false,
            "create_namespace": true,
            "dependency_update": false,
            "description": null,
            "devel": null,
            "disable_crd_hooks": false,
            "disable_openapi_validation": false,
            "disable_webhooks": false,
            "force_update": false,
            "id": "nginx-ingress-controller",
            "keyring": null,
            "lint": false,
            "manifest": null,
            "max_history": 0,
            "metadata": [
              {
                "app_version": "1.10.0",
                "chart": "nginx-ingress-controller",
                "name": "nginx-ingress-controller",
                "namespace": "ingress-nginx",
                "revision": 1,
                "values": "{\"service\":{\"annotations\":{\"service.beta.kubernetes.io/aws-load-balancer-name\":\"ingresscontrolersvc\",\"service.beta.kubernetes.io/aws-load-balancer-nlb-target-type\":\"ip\",\"service.beta.kubernetes.io/aws-load-balancer-scheme\":\"internet-facing\",\"service.beta.kubernetes.io/aws-load-balancer-type\":\"external\"},\"type\":\"LoadBalancer\"}}",
                "version": "11.0.0"
              }
            ],
            "name": "nginx-ingress-controller",
            "namespace": "ingress-nginx",
            "postrender": [],
            "recreate_pods": false,
            "render_subchart_notes": true,
            "replace": false,
            "repository": "https://charts.bitnami.com/bitnami",
            "repository_ca_file": null,
            "repository_cert_file": null,
            "repository_key_file": null,
            "repository_password": null,
            "repository_username": null,
            "reset_values": false,
            "reuse_values": false,
            "set": [
              {
                "name": "service.type",
                "type": "",
                "value": "LoadBalancer"
              }
            ],
            "set_sensitive": [],
            "skip_crds": false,
            "status": "deployed",
            "timeout": 300,
            "values": [
              "service:\n  annotations:\n    service.beta.kubernetes.io/aws-load-balancer-name: ingresscontrolersvc\n    service.beta.kubernetes.io/aws-load-balancer-type: external\n    service.beta.kubernetes.io/aws-load-balancer-nlb-target-type: ip\n    service.beta.kubernetes.io/aws-load-balancer-scheme: internet-facing\n"
            ],
            "verify": false,
            "version": "11.0.0",
            "wait": true,
            "wait_for_jobs": false
          },
          "sensitive_attributes": [],
          "private": "bnVsbA==",
          "dependencies": [
            "aws_default_subnet.default-subnet-a",
            "aws_default_subnet.default-subnet-b",
            "aws_default_subnet.default-subnet-c",
            "aws_default_vpc.default-vpc",
            "aws_eks_cluster.algorims-dev-eks-cluster",
            "aws_eks_node_group.algorims-dev-node-group",
            "aws_iam_openid_connect_provider.openid",
            "aws_iam_role.algorims-dev-eks-node-role",
            "aws_iam_role.algorims-dev-eks-role",
            "aws_iam_role.algorims-elb-eks-dev-role",
            "aws_security_group.algorims-dev-sg-master",
            "data.aws_eks_cluster.default",
            "data.tls_certificate.cert",
            "helm_release.aws-load-balancer-controller"
          ]
        }
      ]
    },
    {
      "mode": "managed",
      "type": "kubectl_manifest",
      "name": "argocd-ingress",
      "provider": "provider[\"registry.terraform.io/gavinbunney/kubectl\"]",
      "instances": [
        {
          "schema_version": 1,
          "attributes": {
            "api_version": "networking.k8s.io/v1",
            "apply_only": false,
            "force_conflicts": false,
            "force_new": false,
            "id": "/apis/networking.k8s.io/v1/namespaces/argocd/ingresses/argocd-server-ingress",
            "ignore_fields": null,
            "kind": "Ingress",
            "live_manifest_incluster": "d14f5d27ac138baa468ba8196ae551f31719f3287c57170ffbf859103d8c9bfe",
            "live_uid": "8b81a69d-63f2-44f6-af48-5e1bcf0c835e",
            "name": "argocd-server-ingress",
            "namespace": "argocd",
            "override_namespace": null,
            "sensitive_fields": null,
            "server_side_apply": false,
            "timeouts": null,
            "uid": "8b81a69d-63f2-44f6-af48-5e1bcf0c835e",
            "validate_schema": true,
            "wait": null,
            "wait_for_rollout": true,
            "yaml_body": "\napiVersion: networking.k8s.io/v1\nkind: Ingress\nmetadata:\n  name: argocd-server-ingress\n  namespace: argocd\n  annotations:\n    nginx.ingress.kubernetes.io/ssl-passthrough: \"true\"\n    kubernetes.io/ingress.class: nginx\n    cert-manager.io/cluster-issuer: letsencrypt-production\n    nginx.ingress.kubernetes.io/backend-protocol: \"HTTPS\"\nspec:\n  rules:\n  - host: argocd.app.algorims.net \n    http:\n      paths:\n      - backend:\n          service:\n            name: argocd-server\n            port:\n              name: https\n        path: /\n        pathType: Prefix\n  tls:\n  - hosts:\n    - argocd.app.algorims.net\n    secretName: letsencrypt-production\n\n",
            "yaml_body_parsed": "apiVersion: networking.k8s.io/v1\nkind: Ingress\nmetadata:\n  annotations:\n    cert-manager.io/cluster-issuer: letsencrypt-production\n    kubernetes.io/ingress.class: nginx\n    nginx.ingress.kubernetes.io/backend-protocol: HTTPS\n    nginx.ingress.kubernetes.io/ssl-passthrough: \"true\"\n  name: argocd-server-ingress\n  namespace: argocd\nspec:\n  rules:\n  - host: argocd.app.algorims.net\n    http:\n      paths:\n      - backend:\n          service:\n            name: argocd-server\n            port:\n              name: https\n        path: /\n        pathType: Prefix\n  tls:\n  - hosts:\n    - argocd.app.algorims.net\n    secretName: letsencrypt-production\n",
            "yaml_incluster": "d14f5d27ac138baa468ba8196ae551f31719f3287c57170ffbf859103d8c9bfe"
          },
          "sensitive_attributes": [],
          "private": "eyJlMmJmYjczMC1lY2FhLTExZTYtOGY4OC0zNDM2M2JjN2M0YzAiOnsiY3JlYXRlIjo2MDAwMDAwMDAwMDB9LCJzY2hlbWFfdmVyc2lvbiI6IjEifQ==",
          "dependencies": [
            "aws_default_subnet.default-subnet-a",
            "aws_default_subnet.default-subnet-b",
            "aws_default_subnet.default-subnet-c",
            "aws_default_vpc.default-vpc",
            "aws_eks_cluster.algorims-dev-eks-cluster",
            "aws_eks_node_group.algorims-dev-node-group",
            "aws_iam_openid_connect_provider.openid",
            "aws_iam_role.algorims-certmgr-eks-dev-role",
            "aws_iam_role.algorims-dev-eks-node-role",
            "aws_iam_role.algorims-dev-eks-role",
            "aws_iam_role.algorims-elb-eks-dev-role",
            "aws_security_group.algorims-dev-sg-master",
            "data.aws_eks_cluster.default",
            "data.tls_certificate.cert",
            "helm_release.argocd",
            "helm_release.aws-certmanager",
            "helm_release.aws-load-balancer-controller",
            "helm_release.nginx-ingress-controller"
          ]
        }
      ]
    },
    {
      "mode": "managed",
      "type": "kubectl_manifest",
      "name": "cluster-issuer",
      "provider": "provider[\"registry.terraform.io/gavinbunney/kubectl\"]",
      "instances": [
        {
          "schema_version": 1,
          "attributes": {
            "api_version": "cert-manager.io/v1",
            "apply_only": false,
            "force_conflicts": false,
            "force_new": false,
            "id": "/apis/cert-manager.io/v1/clusterissuers/letsencrypt-production",
            "ignore_fields": null,
            "kind": "ClusterIssuer",
            "live_manifest_incluster": "343eae2b34545c5b78b0c3670c3090384793b953b714bdf9c6958a88d2cfa73f",
            "live_uid": "b0fd47a3-6d8c-48f4-ae98-5a038732198a",
            "name": "letsencrypt-production",
            "namespace": null,
            "override_namespace": null,
            "sensitive_fields": null,
            "server_side_apply": false,
            "timeouts": null,
            "uid": "b0fd47a3-6d8c-48f4-ae98-5a038732198a",
            "validate_schema": true,
            "wait": null,
            "wait_for_rollout": true,
            "yaml_body": "\napiVersion: cert-manager.io/v1\nkind: ClusterIssuer\nmetadata:\n  name: letsencrypt-production\nspec:\n  acme:\n    server: https://acme-v02.api.letsencrypt.org/directory\n    email: prasad@algorims.com\n    privateKeySecretRef:\n      name: letsencrypt-production\n    solvers:\n      - http01:\n          ingress:\n            class: nginx\n        \n",
            "yaml_body_parsed": "apiVersion: cert-manager.io/v1\nkind: ClusterIssuer\nmetadata:\n  name: letsencrypt-production\nspec:\n  acme:\n    email: prasad@algorims.com\n    privateKeySecretRef:\n      name: letsencrypt-production\n    server: https://acme-v02.api.letsencrypt.org/directory\n    solvers:\n    - http01:\n        ingress:\n          class: nginx\n",
            "yaml_incluster": "343eae2b34545c5b78b0c3670c3090384793b953b714bdf9c6958a88d2cfa73f"
          },
          "sensitive_attributes": [],
          "private": "eyJlMmJmYjczMC1lY2FhLTExZTYtOGY4OC0zNDM2M2JjN2M0YzAiOnsiY3JlYXRlIjo2MDAwMDAwMDAwMDB9LCJzY2hlbWFfdmVyc2lvbiI6IjEifQ==",
          "dependencies": [
            "aws_default_subnet.default-subnet-a",
            "aws_default_subnet.default-subnet-b",
            "aws_default_subnet.default-subnet-c",
            "aws_default_vpc.default-vpc",
            "aws_eks_cluster.algorims-dev-eks-cluster",
            "aws_eks_node_group.algorims-dev-node-group",
            "aws_iam_openid_connect_provider.openid",
            "aws_iam_role.algorims-certmgr-eks-dev-role",
            "aws_iam_role.algorims-dev-eks-node-role",
            "aws_iam_role.algorims-dev-eks-role",
            "aws_iam_role.algorims-elb-eks-dev-role",
            "aws_security_group.algorims-dev-sg-master",
            "data.aws_eks_cluster.default",
            "data.tls_certificate.cert",
            "helm_release.aws-certmanager",
            "helm_release.aws-load-balancer-controller",
            "helm_release.nginx-ingress-controller"
          ]
        }
      ]
    },
    {
      "module": "module.aws-code-commit-cd-repo",
      "mode": "managed",
      "type": "aws_codecommit_repository",
      "name": "repo",
      "provider": "provider[\"registry.terraform.io/hashicorp/aws\"]",
      "instances": [
        {
          "schema_version": 0,
          "attributes": {
            "arn": "arn:aws:codecommit:ap-southeast-2:561580620525:algorims-dev-cd",
            "clone_url_http": "https://git-codecommit.ap-southeast-2.amazonaws.com/v1/repos/algorims-dev-cd",
            "clone_url_ssh": "ssh://git-codecommit.ap-southeast-2.amazonaws.com/v1/repos/algorims-dev-cd",
            "default_branch": null,
            "description": "",
            "id": "algorims-dev-cd",
            "kms_key_id": "arn:aws:kms:ap-southeast-2:561580620525:key/8fb9b743-6207-40b0-9e2f-250670a720cf",
            "repository_id": "b48a3275-1d0f-49e9-96b6-ab4f5de29f1a",
            "repository_name": "algorims-dev-cd",
            "tags": {
              "env": "dev",
              "ownedBy": "algorims",
              "terraform": "true"
            },
            "tags_all": {
              "env": "dev",
              "ownedBy": "algorims",
              "terraform": "true"
            }
          },
          "sensitive_attributes": [],
          "private": "bnVsbA=="
        }
      ]
    },
    {
      "module": "module.aws-code-commit-ci-repo",
      "mode": "managed",
      "type": "aws_codecommit_repository",
      "name": "repo",
      "provider": "provider[\"registry.terraform.io/hashicorp/aws\"]",
      "instances": [
        {
          "schema_version": 0,
          "attributes": {
            "arn": "arn:aws:codecommit:ap-southeast-2:561580620525:algorims-dev-ci",
            "clone_url_http": "https://git-codecommit.ap-southeast-2.amazonaws.com/v1/repos/algorims-dev-ci",
            "clone_url_ssh": "ssh://git-codecommit.ap-southeast-2.amazonaws.com/v1/repos/algorims-dev-ci",
            "default_branch": null,
            "description": "",
            "id": "algorims-dev-ci",
            "kms_key_id": "arn:aws:kms:ap-southeast-2:561580620525:key/8fb9b743-6207-40b0-9e2f-250670a720cf",
            "repository_id": "89c99afa-62d9-45dc-ab33-72c046c611d5",
            "repository_name": "algorims-dev-ci",
            "tags": {
              "env": "dev",
              "ownedBy": "algorims",
              "terraform": "true"
            },
            "tags_all": {
              "env": "dev",
              "ownedBy": "algorims",
              "terraform": "true"
            }
          },
          "sensitive_attributes": [],
          "private": "bnVsbA=="
        }
      ]
    },
    {
      "module": "module.aws-code-commit-ci-repo",
      "mode": "managed",
      "type": "aws_codecommit_trigger",
      "name": "triggers",
      "provider": "provider[\"registry.terraform.io/hashicorp/aws\"]",
      "instances": [
        {
          "index_key": 0,
          "schema_version": 0,
          "attributes": {
            "configuration_id": "78eab441-0eed-4ed8-a4e1-ebb205f64a79",
            "id": "algorims-dev-ci",
            "repository_name": "algorims-dev-ci",
            "trigger": [
              {
                "branches": [],
                "custom_data": "",
                "destination_arn": "arn:aws:lambda:ap-southeast-2:561580620525:function:lambda-ci-codebuild-function",
                "events": [
                  "all"
                ],
                "name": "all"
              }
            ]
          },
          "sensitive_attributes": [],
          "private": "bnVsbA==",
          "dependencies": [
            "aws_iam_role.algorims-ci-lambdarole",
            "aws_lambda_function.algorims-lamda-codecommit",
            "data.archive_file.python_lambda_package",
            "module.aws-code-commit-ci-repo.aws_codecommit_repository.repo"
          ]
        }
      ]
    }
  ],
  "check_results": null
}
